# This file is generated by running "yarn install" inside your project.
# Manual changes might be lost - proceed with caution!

__metadata:
  version: 8
  cacheKey: 10c0

"@andrewbranch/untar.js@npm:^1.0.3":
  version: 1.0.3
  resolution: "@andrewbranch/untar.js@npm:1.0.3"
  checksum: 10c0/16774208cd5bc2cace3c8c6ca608b2b9ab07719a44501e5553f72bffb63c5fbac0b715a4b1065a65d09e010d940ac3cd148ade44dd7d49682765fe09e2c3b2a8
  languageName: node
  linkType: hard

"@arethetypeswrong/cli@npm:0.15.3":
  version: 0.15.3
  resolution: "@arethetypeswrong/cli@npm:0.15.3"
  dependencies:
    "@arethetypeswrong/core": "npm:0.15.1"
    chalk: "npm:^4.1.2"
    cli-table3: "npm:^0.6.3"
    commander: "npm:^10.0.1"
    marked: "npm:^9.1.2"
    marked-terminal: "npm:^6.0.0"
    semver: "npm:^7.5.4"
  bin:
    attw: dist/index.js
  checksum: 10c0/5998ab4a2195f9036a5c1988f73912a0a82cceeaa6a4e647b04414ad956a62163d8286b2a936941f23065b0c872f2bbdf9196fe3cac19c40b8b62a643d91c3c2
  languageName: node
  linkType: hard

"@arethetypeswrong/core@npm:0.15.1":
  version: 0.15.1
  resolution: "@arethetypeswrong/core@npm:0.15.1"
  dependencies:
    "@andrewbranch/untar.js": "npm:^1.0.3"
    fflate: "npm:^0.8.2"
    semver: "npm:^7.5.4"
    ts-expose-internals-conditionally: "npm:1.0.0-empty.0"
    typescript: "npm:5.3.3"
    validate-npm-package-name: "npm:^5.0.0"
  checksum: 10c0/85385378a62be4d6b6e445d7f32e1e20452db0f4cfe337eead747fead9f20cccdf8ee69e3ce8c74736cab9effd6800d8bf6047c35a54474d3e1c5d5f168cf39f
  languageName: node
  linkType: hard

"@colors/colors@npm:1.5.0":
  version: 1.5.0
  resolution: "@colors/colors@npm:1.5.0"
  checksum: 10c0/eb42729851adca56d19a08e48d5a1e95efd2a32c55ae0323de8119052be0510d4b7a1611f2abcbf28c044a6c11e6b7d38f99fccdad7429300c37a8ea5fb95b44
  languageName: node
  linkType: hard

"@isaacs/cliui@npm:^8.0.2":
  version: 8.0.2
  resolution: "@isaacs/cliui@npm:8.0.2"
  dependencies:
    string-width: "npm:^5.1.2"
    string-width-cjs: "npm:string-width@^4.2.0"
    strip-ansi: "npm:^7.0.1"
    strip-ansi-cjs: "npm:strip-ansi@^6.0.1"
    wrap-ansi: "npm:^8.1.0"
    wrap-ansi-cjs: "npm:wrap-ansi@^7.0.0"
  checksum: 10c0/b1bf42535d49f11dc137f18d5e4e63a28c5569de438a221c369483731e9dac9fb797af554e8bf02b6192d1e5eba6e6402cf93900c3d0ac86391d00d04876789e
  languageName: node
  linkType: hard

"@next/env@npm:14.2.3":
  version: 14.2.3
  resolution: "@next/env@npm:14.2.3"
  checksum: 10c0/25ab3ac2739c8e5ce35e1f50373238c5c428ab6b01d448ba78a6068dcdef88978b64f9a92790c324b2926ccc41390a67107154a0b0fee32fe980a485f4ef20d8
  languageName: node
  linkType: hard

"@next/swc-darwin-arm64@npm:14.2.3":
  version: 14.2.3
  resolution: "@next/swc-darwin-arm64@npm:14.2.3"
  conditions: os=darwin & cpu=arm64
  languageName: node
  linkType: hard

"@next/swc-darwin-x64@npm:14.2.3":
  version: 14.2.3
  resolution: "@next/swc-darwin-x64@npm:14.2.3"
  conditions: os=darwin & cpu=x64
  languageName: node
  linkType: hard

"@next/swc-linux-arm64-gnu@npm:14.2.3":
  version: 14.2.3
  resolution: "@next/swc-linux-arm64-gnu@npm:14.2.3"
  conditions: os=linux & cpu=arm64 & libc=glibc
  languageName: node
  linkType: hard

"@next/swc-linux-arm64-musl@npm:14.2.3":
  version: 14.2.3
  resolution: "@next/swc-linux-arm64-musl@npm:14.2.3"
  conditions: os=linux & cpu=arm64 & libc=musl
  languageName: node
  linkType: hard

"@next/swc-linux-x64-gnu@npm:14.2.3":
  version: 14.2.3
  resolution: "@next/swc-linux-x64-gnu@npm:14.2.3"
  conditions: os=linux & cpu=x64 & libc=glibc
  languageName: node
  linkType: hard

"@next/swc-linux-x64-musl@npm:14.2.3":
  version: 14.2.3
  resolution: "@next/swc-linux-x64-musl@npm:14.2.3"
  conditions: os=linux & cpu=x64 & libc=musl
  languageName: node
  linkType: hard

"@next/swc-win32-arm64-msvc@npm:14.2.3":
  version: 14.2.3
  resolution: "@next/swc-win32-arm64-msvc@npm:14.2.3"
  conditions: os=win32 & cpu=arm64
  languageName: node
  linkType: hard

"@next/swc-win32-ia32-msvc@npm:14.2.3":
  version: 14.2.3
  resolution: "@next/swc-win32-ia32-msvc@npm:14.2.3"
  conditions: os=win32 & cpu=ia32
  languageName: node
  linkType: hard

"@next/swc-win32-x64-msvc@npm:14.2.3":
  version: 14.2.3
  resolution: "@next/swc-win32-x64-msvc@npm:14.2.3"
  conditions: os=win32 & cpu=x64
  languageName: node
  linkType: hard

"@pangeacyber/nextjs-auth@workspace:., @pangeacyber/nextjs-auth@workspace:^":
  version: 0.0.0-use.local
  resolution: "@pangeacyber/nextjs-auth@workspace:."
  dependencies:
    "@arethetypeswrong/cli": "npm:0.15.3"
    "@pangeacyber/react-auth": "npm:^0.0.12"
    "@pangeacyber/vanilla-js": "npm:^0.1.9"
    "@tsconfig/strictest": "npm:2.0.5"
    "@types/react": "npm:18.3.3"
    next: "npm:14.2.3"
    publint: "npm:0.2.8"
    rimraf: "npm:5.0.7"
    typescript: "npm:5.4.2"
  peerDependencies:
    next: 14
    react: 18
  languageName: unknown
  linkType: soft

"@pangeacyber/react-auth@npm:^0.0.12":
  version: 0.0.12
  resolution: "@pangeacyber/react-auth@npm:0.0.12"
  dependencies:
    axios: "npm:^1.6.8"
    jose: "npm:^5.2.4"
    lodash: "npm:^4.17.21"
  peerDependencies:
    react: ^17.0.2 || ^18.2.0
    react-dom: ^17.0.2 || ^18.2.0
  checksum: 10c0/b5f2af48640adbc6f02b0d7349efa5c63d4505768c9e670ca860e2f4fdd78e47b24f570c0f453d6a5b51e9fbb211244d3328e7b14f413cd5152dce9f33a3f485
  languageName: node
  linkType: hard

"@pangeacyber/vanilla-js@npm:^0.1.9":
  version: 0.1.9
  resolution: "@pangeacyber/vanilla-js@npm:0.1.9"
  dependencies:
    lodash: "npm:^4.17.21"
  peerDependencies:
    axios: ^1.6.8
  checksum: 10c0/0eab629ba79cbe87c046bb1cc73d19f08fd9cf0573dffec2fd9fff548788678b5c7f3e0a2eefa4b1461bd814524ccceec46b5b652cab2756120ed7709ccf2c27
  languageName: node
  linkType: hard

"@pkgjs/parseargs@npm:^0.11.0":
  version: 0.11.0
  resolution: "@pkgjs/parseargs@npm:0.11.0"
  checksum: 10c0/5bd7576bb1b38a47a7fc7b51ac9f38748e772beebc56200450c4a817d712232b8f1d3ef70532c80840243c657d491cf6a6be1e3a214cff907645819fdc34aadd
  languageName: node
  linkType: hard

"@sindresorhus/is@npm:^4.6.0":
  version: 4.6.0
  resolution: "@sindresorhus/is@npm:4.6.0"
  checksum: 10c0/33b6fb1d0834ec8dd7689ddc0e2781c2bfd8b9c4e4bacbcb14111e0ae00621f2c264b8a7d36541799d74888b5dccdf422a891a5cb5a709ace26325eedc81e22e
  languageName: node
  linkType: hard

"@swc/counter@npm:^0.1.3":
  version: 0.1.3
  resolution: "@swc/counter@npm:0.1.3"
  checksum: 10c0/8424f60f6bf8694cfd2a9bca45845bce29f26105cda8cf19cdb9fd3e78dc6338699e4db77a89ae449260bafa1cc6bec307e81e7fb96dbf7dcfce0eea55151356
  languageName: node
  linkType: hard

"@swc/helpers@npm:0.5.5":
  version: 0.5.5
  resolution: "@swc/helpers@npm:0.5.5"
  dependencies:
    "@swc/counter": "npm:^0.1.3"
    tslib: "npm:^2.4.0"
  checksum: 10c0/21a9b9cfe7e00865f9c9f3eb4c1cc5b397143464f7abee76a2c5366e591e06b0155b5aac93fe8269ef8d548df253f6fd931e9ddfc0fd12efd405f90f45506e7d
  languageName: node
  linkType: hard

"@tsconfig/strictest@npm:2.0.5":
  version: 2.0.5
  resolution: "@tsconfig/strictest@npm:2.0.5"
  checksum: 10c0/cfc86da2d57f7b4b0827701b132c37a4974284e5c40649656c0e474866dfd8a69f57c6718230d8a8139967e2a95438586b8224c13ab0ff9d3a43eda771c50cc4
  languageName: node
  linkType: hard

"@types/node@npm:^20.12.13":
  version: 20.12.13
  resolution: "@types/node@npm:20.12.13"
  dependencies:
    undici-types: "npm:~5.26.4"
  checksum: 10c0/2ac92bb631dbddfb560eb3ba4eedbb1c688044a0130bc1ef032f5c0f20148ac7c9aa3c5aaa5a9787b6c4c6299847d754b96ee8c9def951481ba6628c46b683f5
  languageName: node
  linkType: hard

"@types/prop-types@npm:*":
  version: 15.7.12
  resolution: "@types/prop-types@npm:15.7.12"
  checksum: 10c0/1babcc7db6a1177779f8fde0ccc78d64d459906e6ef69a4ed4dd6339c920c2e05b074ee5a92120fe4e9d9f1a01c952f843ebd550bee2332fc2ef81d1706878f8
  languageName: node
  linkType: hard

"@types/react-dom@npm:^18.3.0":
  version: 18.3.0
  resolution: "@types/react-dom@npm:18.3.0"
  dependencies:
    "@types/react": "npm:*"
  checksum: 10c0/6c90d2ed72c5a0e440d2c75d99287e4b5df3e7b011838cdc03ae5cd518ab52164d86990e73246b9d812eaf02ec351d74e3b4f5bd325bf341e13bf980392fd53b
  languageName: node
  linkType: hard

"@types/react@npm:*, @types/react@npm:18.3.3, @types/react@npm:^18.3.3":
  version: 18.3.3
  resolution: "@types/react@npm:18.3.3"
  dependencies:
    "@types/prop-types": "npm:*"
    csstype: "npm:^3.0.2"
  checksum: 10c0/fe455f805c5da13b89964c3d68060cebd43e73ec15001a68b34634604a78140e6fc202f3f61679b9d809dde6d7a7c2cb3ed51e0fd1462557911db09879b55114
  languageName: node
  linkType: hard

"ansi-escapes@npm:^6.2.0":
  version: 6.2.1
  resolution: "ansi-escapes@npm:6.2.1"
  checksum: 10c0/a2c6f58b044be5f69662ee17073229b492daa2425a7fd99a665db6c22eab6e4ab42752807def7281c1c7acfed48f87f2362dda892f08c2c437f1b39c6b033103
  languageName: node
  linkType: hard

"ansi-regex@npm:^5.0.1":
  version: 5.0.1
  resolution: "ansi-regex@npm:5.0.1"
  checksum: 10c0/9a64bb8627b434ba9327b60c027742e5d17ac69277960d041898596271d992d4d52ba7267a63ca10232e29f6107fc8a835f6ce8d719b88c5f8493f8254813737
  languageName: node
  linkType: hard

"ansi-regex@npm:^6.0.1":
  version: 6.0.1
  resolution: "ansi-regex@npm:6.0.1"
  checksum: 10c0/cbe16dbd2c6b2735d1df7976a7070dd277326434f0212f43abf6d87674095d247968209babdaad31bb00882fa68807256ba9be340eec2f1004de14ca75f52a08
  languageName: node
  linkType: hard

"ansi-styles@npm:^4.0.0, ansi-styles@npm:^4.1.0":
  version: 4.3.0
  resolution: "ansi-styles@npm:4.3.0"
  dependencies:
    color-convert: "npm:^2.0.1"
  checksum: 10c0/895a23929da416f2bd3de7e9cb4eabd340949328ab85ddd6e484a637d8f6820d485f53933446f5291c3b760cbc488beb8e88573dd0f9c7daf83dccc8fe81b041
  languageName: node
  linkType: hard

"ansi-styles@npm:^6.1.0":
  version: 6.2.1
  resolution: "ansi-styles@npm:6.2.1"
  checksum: 10c0/5d1ec38c123984bcedd996eac680d548f31828bd679a66db2bdf11844634dde55fec3efa9c6bb1d89056a5e79c1ac540c4c784d592ea1d25028a92227d2f2d5c
  languageName: node
  linkType: hard

"ansicolors@npm:~0.3.2":
  version: 0.3.2
  resolution: "ansicolors@npm:0.3.2"
  checksum: 10c0/e202182895e959c5357db6c60791b2abaade99fcc02221da11a581b26a7f83dc084392bc74e4d3875c22f37b3c9ef48842e896e3bfed394ec278194b8003e0ac
  languageName: node
  linkType: hard

"app-router@workspace:e2e/app-router":
  version: 0.0.0-use.local
  resolution: "app-router@workspace:e2e/app-router"
  dependencies:
    "@pangeacyber/nextjs-auth": "workspace:^"
    "@types/node": "npm:^20.12.13"
    "@types/react": "npm:^18.3.3"
    "@types/react-dom": "npm:^18.3.0"
    next: "npm:^14.2.3"
    react: "npm:^18.3.1"
    react-dom: "npm:^18.3.1"
    typescript: "npm:^5.4.5"
  languageName: unknown
  linkType: soft

"asynckit@npm:^0.4.0":
  version: 0.4.0
  resolution: "asynckit@npm:0.4.0"
  checksum: 10c0/d73e2ddf20c4eb9337e1b3df1a0f6159481050a5de457c55b14ea2e5cb6d90bb69e004c9af54737a5ee0917fcf2c9e25de67777bbe58261847846066ba75bc9d
  languageName: node
  linkType: hard

"axios@npm:^1.6.8":
  version: 1.7.2
  resolution: "axios@npm:1.7.2"
  dependencies:
    follow-redirects: "npm:^1.15.6"
    form-data: "npm:^4.0.0"
    proxy-from-env: "npm:^1.1.0"
  checksum: 10c0/cbd47ce380fe045313364e740bb03b936420b8b5558c7ea36a4563db1258c658f05e40feb5ddd41f6633fdd96d37ac2a76f884dad599c5b0224b4c451b3fa7ae
  languageName: node
  linkType: hard

"balanced-match@npm:^1.0.0":
  version: 1.0.2
  resolution: "balanced-match@npm:1.0.2"
  checksum: 10c0/9308baf0a7e4838a82bbfd11e01b1cb0f0cf2893bc1676c27c2a8c0e70cbae1c59120c3268517a8ae7fb6376b4639ef81ca22582611dbee4ed28df945134aaee
  languageName: node
  linkType: hard

"brace-expansion@npm:^2.0.1":
  version: 2.0.1
  resolution: "brace-expansion@npm:2.0.1"
  dependencies:
    balanced-match: "npm:^1.0.0"
  checksum: 10c0/b358f2fe060e2d7a87aa015979ecea07f3c37d4018f8d6deb5bd4c229ad3a0384fe6029bb76cd8be63c81e516ee52d1a0673edbe2023d53a5191732ae3c3e49f
  languageName: node
  linkType: hard

"busboy@npm:1.6.0":
  version: 1.6.0
  resolution: "busboy@npm:1.6.0"
  dependencies:
    streamsearch: "npm:^1.1.0"
  checksum: 10c0/fa7e836a2b82699b6e074393428b91ae579d4f9e21f5ac468e1b459a244341d722d2d22d10920cdd849743dbece6dca11d72de939fb75a7448825cf2babfba1f
  languageName: node
  linkType: hard

"caniuse-lite@npm:^1.0.30001579":
  version: 1.0.30001625
  resolution: "caniuse-lite@npm:1.0.30001625"
  checksum: 10c0/26752c65c775ce24b8cfd39a241a4ce33accf2d2e2982f37827c2f94caac3520a3493419e096c42578d372073a2e9f4359f0122ca4c00e51cb02463c512fc6b3
  languageName: node
  linkType: hard

"cardinal@npm:^2.1.1":
  version: 2.1.1
  resolution: "cardinal@npm:2.1.1"
  dependencies:
    ansicolors: "npm:~0.3.2"
    redeyed: "npm:~2.1.0"
  bin:
    cdl: ./bin/cdl.js
  checksum: 10c0/0051d0e64c0e1dff480c1aace4c018c48ecca44030533257af3f023107ccdeb061925603af6d73710f0345b0ae0eb57e5241d181d9b5fdb595d45c5418161675
  languageName: node
  linkType: hard

"chalk@npm:^4.1.2":
  version: 4.1.2
  resolution: "chalk@npm:4.1.2"
  dependencies:
    ansi-styles: "npm:^4.1.0"
    supports-color: "npm:^7.1.0"
  checksum: 10c0/4a3fef5cc34975c898ffe77141450f679721df9dde00f6c304353fa9c8b571929123b26a0e4617bde5018977eb655b31970c297b91b63ee83bb82aeb04666880
  languageName: node
  linkType: hard

"chalk@npm:^5.3.0":
  version: 5.3.0
  resolution: "chalk@npm:5.3.0"
  checksum: 10c0/8297d436b2c0f95801103ff2ef67268d362021b8210daf8ddbe349695333eb3610a71122172ff3b0272f1ef2cf7cc2c41fdaa4715f52e49ffe04c56340feed09
  languageName: node
  linkType: hard

"char-regex@npm:^1.0.2":
  version: 1.0.2
  resolution: "char-regex@npm:1.0.2"
  checksum: 10c0/57a09a86371331e0be35d9083ba429e86c4f4648ecbe27455dbfb343037c16ee6fdc7f6b61f433a57cc5ded5561d71c56a150e018f40c2ffb7bc93a26dae341e
  languageName: node
  linkType: hard

"cli-table3@npm:^0.6.3":
  version: 0.6.5
  resolution: "cli-table3@npm:0.6.5"
  dependencies:
    "@colors/colors": "npm:1.5.0"
    string-width: "npm:^4.2.0"
  dependenciesMeta:
    "@colors/colors":
      optional: true
  checksum: 10c0/d7cc9ed12212ae68241cc7a3133c52b844113b17856e11f4f81308acc3febcea7cc9fd298e70933e294dd642866b29fd5d113c2c098948701d0c35f09455de78
  languageName: node
  linkType: hard

"client-only@npm:0.0.1":
  version: 0.0.1
  resolution: "client-only@npm:0.0.1"
  checksum: 10c0/9d6cfd0c19e1c96a434605added99dff48482152af791ec4172fb912a71cff9027ff174efd8cdb2160cc7f377543e0537ffc462d4f279bc4701de3f2a3c4b358
  languageName: node
  linkType: hard

"color-convert@npm:^2.0.1":
  version: 2.0.1
  resolution: "color-convert@npm:2.0.1"
  dependencies:
    color-name: "npm:~1.1.4"
  checksum: 10c0/37e1150172f2e311fe1b2df62c6293a342ee7380da7b9cfdba67ea539909afbd74da27033208d01d6d5cfc65ee7868a22e18d7e7648e004425441c0f8a15a7d7
  languageName: node
  linkType: hard

"color-name@npm:~1.1.4":
  version: 1.1.4
  resolution: "color-name@npm:1.1.4"
  checksum: 10c0/a1a3f914156960902f46f7f56bc62effc6c94e84b2cae157a526b1c1f74b677a47ec602bf68a61abfa2b42d15b7c5651c6dbe72a43af720bc588dff885b10f95
  languageName: node
  linkType: hard

"combined-stream@npm:^1.0.8":
  version: 1.0.8
  resolution: "combined-stream@npm:1.0.8"
  dependencies:
    delayed-stream: "npm:~1.0.0"
  checksum: 10c0/0dbb829577e1b1e839fa82b40c07ffaf7de8a09b935cadd355a73652ae70a88b4320db322f6634a4ad93424292fa80973ac6480986247f1734a1137debf271d5
  languageName: node
  linkType: hard

"commander@npm:^10.0.1":
  version: 10.0.1
  resolution: "commander@npm:10.0.1"
  checksum: 10c0/53f33d8927758a911094adadda4b2cbac111a5b377d8706700587650fd8f45b0bbe336de4b5c3fe47fd61f420a3d9bd452b6e0e6e5600a7e74d7bf0174f6efe3
  languageName: node
  linkType: hard

"cross-spawn@npm:^7.0.0":
  version: 7.0.3
  resolution: "cross-spawn@npm:7.0.3"
  dependencies:
    path-key: "npm:^3.1.0"
    shebang-command: "npm:^2.0.0"
    which: "npm:^2.0.1"
  checksum: 10c0/5738c312387081c98d69c98e105b6327b069197f864a60593245d64c8089c8a0a744e16349281210d56835bb9274130d825a78b2ad6853ca13cfbeffc0c31750
  languageName: node
  linkType: hard

"csstype@npm:^3.0.2":
  version: 3.1.3
  resolution: "csstype@npm:3.1.3"
  checksum: 10c0/80c089d6f7e0c5b2bd83cf0539ab41474198579584fa10d86d0cafe0642202343cbc119e076a0b1aece191989477081415d66c9fefbf3c957fc2fc4b7009f248
  languageName: node
  linkType: hard

"delayed-stream@npm:~1.0.0":
  version: 1.0.0
  resolution: "delayed-stream@npm:1.0.0"
  checksum: 10c0/d758899da03392e6712f042bec80aa293bbe9e9ff1b2634baae6a360113e708b91326594c8a486d475c69d6259afb7efacdc3537bfcda1c6c648e390ce601b19
  languageName: node
  linkType: hard

"eastasianwidth@npm:^0.2.0":
  version: 0.2.0
  resolution: "eastasianwidth@npm:0.2.0"
  checksum: 10c0/26f364ebcdb6395f95124fda411f63137a4bfb5d3a06453f7f23dfe52502905bd84e0488172e0f9ec295fdc45f05c23d5d91baf16bd26f0fe9acd777a188dc39
  languageName: node
  linkType: hard

"emoji-regex@npm:^8.0.0":
  version: 8.0.0
  resolution: "emoji-regex@npm:8.0.0"
  checksum: 10c0/b6053ad39951c4cf338f9092d7bfba448cdfd46fe6a2a034700b149ac9ffbc137e361cbd3c442297f86bed2e5f7576c1b54cc0a6bf8ef5106cc62f496af35010
  languageName: node
  linkType: hard

"emoji-regex@npm:^9.2.2":
  version: 9.2.2
  resolution: "emoji-regex@npm:9.2.2"
  checksum: 10c0/af014e759a72064cf66e6e694a7fc6b0ed3d8db680427b021a89727689671cefe9d04151b2cad51dbaf85d5ba790d061cd167f1cf32eb7b281f6368b3c181639
  languageName: node
  linkType: hard

"emojilib@npm:^2.4.0":
  version: 2.4.0
  resolution: "emojilib@npm:2.4.0"
  checksum: 10c0/6e66ba8921175842193f974e18af448bb6adb0cf7aeea75e08b9d4ea8e9baba0e4a5347b46ed901491dcaba277485891c33a8d70b0560ca5cc9672a94c21ab8f
  languageName: node
  linkType: hard

"esprima@npm:~4.0.0":
  version: 4.0.1
  resolution: "esprima@npm:4.0.1"
  bin:
    esparse: ./bin/esparse.js
    esvalidate: ./bin/esvalidate.js
  checksum: 10c0/ad4bab9ead0808cf56501750fd9d3fb276f6b105f987707d059005d57e182d18a7c9ec7f3a01794ebddcca676773e42ca48a32d67a250c9d35e009ca613caba3
  languageName: node
  linkType: hard

"fflate@npm:^0.8.2":
  version: 0.8.2
  resolution: "fflate@npm:0.8.2"
  checksum: 10c0/03448d630c0a583abea594835a9fdb2aaf7d67787055a761515bf4ed862913cfd693b4c4ffd5c3f3b355a70cf1e19033e9ae5aedcca103188aaff91b8bd6e293
  languageName: node
  linkType: hard

"follow-redirects@npm:^1.15.6":
  version: 1.15.6
  resolution: "follow-redirects@npm:1.15.6"
  peerDependenciesMeta:
    debug:
      optional: true
  checksum: 10c0/9ff767f0d7be6aa6870c82ac79cf0368cd73e01bbc00e9eb1c2a16fbb198ec105e3c9b6628bb98e9f3ac66fe29a957b9645bcb9a490bb7aa0d35f908b6b85071
  languageName: node
  linkType: hard

"foreground-child@npm:^3.1.0":
  version: 3.1.1
  resolution: "foreground-child@npm:3.1.1"
  dependencies:
    cross-spawn: "npm:^7.0.0"
    signal-exit: "npm:^4.0.1"
  checksum: 10c0/9700a0285628abaeb37007c9a4d92bd49f67210f09067638774338e146c8e9c825c5c877f072b2f75f41dc6a2d0be8664f79ffc03f6576649f54a84fb9b47de0
  languageName: node
  linkType: hard

"form-data@npm:^4.0.0":
  version: 4.0.0
  resolution: "form-data@npm:4.0.0"
  dependencies:
    asynckit: "npm:^0.4.0"
    combined-stream: "npm:^1.0.8"
    mime-types: "npm:^2.1.12"
  checksum: 10c0/cb6f3ac49180be03ff07ba3ff125f9eba2ff0b277fb33c7fc47569fc5e616882c5b1c69b9904c4c4187e97dd0419dd03b134174756f296dec62041e6527e2c6e
  languageName: node
  linkType: hard

"fs.realpath@npm:^1.0.0":
  version: 1.0.0
  resolution: "fs.realpath@npm:1.0.0"
  checksum: 10c0/444cf1291d997165dfd4c0d58b69f0e4782bfd9149fd72faa4fe299e68e0e93d6db941660b37dd29153bf7186672ececa3b50b7e7249477b03fdf850f287c948
  languageName: node
  linkType: hard

"glob@npm:^10.3.7":
  version: 10.4.1
  resolution: "glob@npm:10.4.1"
  dependencies:
    foreground-child: "npm:^3.1.0"
    jackspeak: "npm:^3.1.2"
    minimatch: "npm:^9.0.4"
    minipass: "npm:^7.1.2"
    path-scurry: "npm:^1.11.1"
  bin:
    glob: dist/esm/bin.mjs
  checksum: 10c0/77f2900ed98b9cc2a0e1901ee5e476d664dae3cd0f1b662b8bfd4ccf00d0edc31a11595807706a274ca10e1e251411bbf2e8e976c82bed0d879a9b89343ed379
  languageName: node
  linkType: hard

"glob@npm:^8.0.1":
  version: 8.1.0
  resolution: "glob@npm:8.1.0"
  dependencies:
    fs.realpath: "npm:^1.0.0"
    inflight: "npm:^1.0.4"
    inherits: "npm:2"
    minimatch: "npm:^5.0.1"
    once: "npm:^1.3.0"
  checksum: 10c0/cb0b5cab17a59c57299376abe5646c7070f8acb89df5595b492dba3bfb43d301a46c01e5695f01154e6553168207cb60d4eaf07d3be4bc3eb9b0457c5c561d0f
  languageName: node
  linkType: hard

"graceful-fs@npm:^4.2.11":
  version: 4.2.11
  resolution: "graceful-fs@npm:4.2.11"
  checksum: 10c0/386d011a553e02bc594ac2ca0bd6d9e4c22d7fa8cfbfc448a6d148c59ea881b092db9dbe3547ae4b88e55f1b01f7c4a2ecc53b310c042793e63aa44cf6c257f2
  languageName: node
  linkType: hard

"has-flag@npm:^4.0.0":
  version: 4.0.0
  resolution: "has-flag@npm:4.0.0"
  checksum: 10c0/2e789c61b7888d66993e14e8331449e525ef42aac53c627cc53d1c3334e768bcb6abdc4f5f0de1478a25beec6f0bd62c7549058b7ac53e924040d4f301f02fd1
  languageName: node
  linkType: hard

"ignore-walk@npm:^5.0.1":
  version: 5.0.1
  resolution: "ignore-walk@npm:5.0.1"
  dependencies:
    minimatch: "npm:^5.0.1"
  checksum: 10c0/0d157a54d6d11af0c3059fdc7679eef3b074e9a663d110a76c72788e2fb5b22087e08b21ab767718187ac3396aca4d0aa6c6473f925b19a74d9a00480ca7a76e
  languageName: node
  linkType: hard

"inflight@npm:^1.0.4":
  version: 1.0.6
  resolution: "inflight@npm:1.0.6"
  dependencies:
    once: "npm:^1.3.0"
    wrappy: "npm:1"
  checksum: 10c0/7faca22584600a9dc5b9fca2cd5feb7135ac8c935449837b315676b4c90aa4f391ec4f42240178244b5a34e8bede1948627fda392ca3191522fc46b34e985ab2
  languageName: node
  linkType: hard

"inherits@npm:2":
  version: 2.0.4
  resolution: "inherits@npm:2.0.4"
  checksum: 10c0/4e531f648b29039fb7426fb94075e6545faa1eb9fe83c29f0b6d9e7263aceb4289d2d4557db0d428188eeb449cc7c5e77b0a0b2c4e248ff2a65933a0dee49ef2
  languageName: node
  linkType: hard

"is-fullwidth-code-point@npm:^3.0.0":
  version: 3.0.0
  resolution: "is-fullwidth-code-point@npm:3.0.0"
  checksum: 10c0/bb11d825e049f38e04c06373a8d72782eee0205bda9d908cc550ccb3c59b99d750ff9537982e01733c1c94a58e35400661f57042158ff5e8f3e90cf936daf0fc
  languageName: node
  linkType: hard

"isexe@npm:^2.0.0":
  version: 2.0.0
  resolution: "isexe@npm:2.0.0"
  checksum: 10c0/228cfa503fadc2c31596ab06ed6aa82c9976eec2bfd83397e7eaf06d0ccf42cd1dfd6743bf9aeb01aebd4156d009994c5f76ea898d2832c1fe342da923ca457d
  languageName: node
  linkType: hard

"jackspeak@npm:^3.1.2":
  version: 3.1.2
  resolution: "jackspeak@npm:3.1.2"
  dependencies:
    "@isaacs/cliui": "npm:^8.0.2"
    "@pkgjs/parseargs": "npm:^0.11.0"
  dependenciesMeta:
    "@pkgjs/parseargs":
      optional: true
  checksum: 10c0/5f1922a1ca0f19869e23f0dc4374c60d36e922f7926c76fecf8080cc6f7f798d6a9caac1b9428327d14c67731fd551bb3454cb270a5e13a0718f3b3660ec3d5d
  languageName: node
  linkType: hard

"jose@npm:^5.2.4":
  version: 5.3.0
  resolution: "jose@npm:5.3.0"
  checksum: 10c0/cff511159736fc118c6189a3d44d3e0f3b1ee524941acc44f03826771e2a53aa13db876400b39bf185a11079017b1e783ca64b80ac66959db5a309a426fb7c69
  languageName: node
  linkType: hard

"js-tokens@npm:^3.0.0 || ^4.0.0":
  version: 4.0.0
  resolution: "js-tokens@npm:4.0.0"
  checksum: 10c0/e248708d377aa058eacf2037b07ded847790e6de892bbad3dac0abba2e759cb9f121b00099a65195616badcb6eca8d14d975cb3e89eb1cfda644756402c8aeed
  languageName: node
  linkType: hard

"lodash@npm:^4.17.21":
  version: 4.17.21
  resolution: "lodash@npm:4.17.21"
  checksum: 10c0/d8cbea072bb08655bb4c989da418994b073a608dffa608b09ac04b43a791b12aeae7cd7ad919aa4c925f33b48490b5cfe6c1f71d827956071dae2e7bb3a6b74c
  languageName: node
  linkType: hard

"loose-envify@npm:^1.1.0":
  version: 1.4.0
  resolution: "loose-envify@npm:1.4.0"
  dependencies:
    js-tokens: "npm:^3.0.0 || ^4.0.0"
  bin:
    loose-envify: cli.js
  checksum: 10c0/655d110220983c1a4b9c0c679a2e8016d4b67f6e9c7b5435ff5979ecdb20d0813f4dec0a08674fcbdd4846a3f07edbb50a36811fd37930b94aaa0d9daceb017e
  languageName: node
  linkType: hard

"lru-cache@npm:^10.2.0":
  version: 10.2.2
  resolution: "lru-cache@npm:10.2.2"
  checksum: 10c0/402d31094335851220d0b00985084288136136992979d0e015f0f1697e15d1c86052d7d53ae86b614e5b058425606efffc6969a31a091085d7a2b80a8a1e26d6
  languageName: node
  linkType: hard

"marked-terminal@npm:^6.0.0":
  version: 6.2.0
  resolution: "marked-terminal@npm:6.2.0"
  dependencies:
    ansi-escapes: "npm:^6.2.0"
    cardinal: "npm:^2.1.1"
    chalk: "npm:^5.3.0"
    cli-table3: "npm:^0.6.3"
    node-emoji: "npm:^2.1.3"
    supports-hyperlinks: "npm:^3.0.0"
  peerDependencies:
    marked: ">=1 <12"
  checksum: 10c0/72d4093cbb1ee864ced1f88fdb6fb8dbfea56d6aa3d8a1ec401ac51866ff3c32382c3f4642b19f2d808c798efde23b10300b99e3b6475b3f79e41e7741581d54
  languageName: node
  linkType: hard

"marked@npm:^9.1.2":
  version: 9.1.6
  resolution: "marked@npm:9.1.6"
  bin:
    marked: bin/marked.js
  checksum: 10c0/010bbd33c0f38300259c5d3bf0063deb36bab098d37ac0a3be5a35a65674a4c693427fc6704f486a89f638e9b36c36b8e220a93d47163f4e70e45a1fa8ca7b60
  languageName: node
  linkType: hard

"mime-db@npm:1.52.0":
  version: 1.52.0
  resolution: "mime-db@npm:1.52.0"
  checksum: 10c0/0557a01deebf45ac5f5777fe7740b2a5c309c6d62d40ceab4e23da9f821899ce7a900b7ac8157d4548ddbb7beffe9abc621250e6d182b0397ec7f10c7b91a5aa
  languageName: node
  linkType: hard

"mime-types@npm:^2.1.12":
  version: 2.1.35
  resolution: "mime-types@npm:2.1.35"
  dependencies:
    mime-db: "npm:1.52.0"
  checksum: 10c0/82fb07ec56d8ff1fc999a84f2f217aa46cb6ed1033fefaabd5785b9a974ed225c90dc72fff460259e66b95b73648596dbcc50d51ed69cdf464af2d237d3149b2
  languageName: node
  linkType: hard

"minimatch@npm:^5.0.1":
  version: 5.1.6
  resolution: "minimatch@npm:5.1.6"
  dependencies:
    brace-expansion: "npm:^2.0.1"
  checksum: 10c0/3defdfd230914f22a8da203747c42ee3c405c39d4d37ffda284dac5e45b7e1f6c49aa8be606509002898e73091ff2a3bbfc59c2c6c71d4660609f63aa92f98e3
  languageName: node
  linkType: hard

"minimatch@npm:^9.0.4":
  version: 9.0.4
  resolution: "minimatch@npm:9.0.4"
  dependencies:
    brace-expansion: "npm:^2.0.1"
  checksum: 10c0/2c16f21f50e64922864e560ff97c587d15fd491f65d92a677a344e970fe62aafdbeafe648965fa96d33c061b4d0eabfe0213466203dd793367e7f28658cf6414
  languageName: node
  linkType: hard

"minipass@npm:^5.0.0 || ^6.0.2 || ^7.0.0, minipass@npm:^7.1.2":
  version: 7.1.2
  resolution: "minipass@npm:7.1.2"
  checksum: 10c0/b0fd20bb9fb56e5fa9a8bfac539e8915ae07430a619e4b86ff71f5fc757ef3924b23b2c4230393af1eda647ed3d75739e4e0acb250a6b1eb277cf7f8fe449557
  languageName: node
  linkType: hard

"mri@npm:^1.1.0":
  version: 1.2.0
  resolution: "mri@npm:1.2.0"
  checksum: 10c0/a3d32379c2554cf7351db6237ddc18dc9e54e4214953f3da105b97dc3babe0deb3ffe99cf409b38ea47cc29f9430561ba6b53b24ab8f9ce97a4b50409e4a50e7
  languageName: node
  linkType: hard

"nanoid@npm:^3.3.6":
  version: 3.3.7
  resolution: "nanoid@npm:3.3.7"
  bin:
    nanoid: bin/nanoid.cjs
  checksum: 10c0/e3fb661aa083454f40500473bb69eedb85dc160e763150b9a2c567c7e9ff560ce028a9f833123b618a6ea742e311138b591910e795614a629029e86e180660f3
  languageName: node
  linkType: hard

"next@npm:14.2.3, next@npm:^14.2.3":
  version: 14.2.3
  resolution: "next@npm:14.2.3"
  dependencies:
    "@next/env": "npm:14.2.3"
    "@next/swc-darwin-arm64": "npm:14.2.3"
    "@next/swc-darwin-x64": "npm:14.2.3"
    "@next/swc-linux-arm64-gnu": "npm:14.2.3"
    "@next/swc-linux-arm64-musl": "npm:14.2.3"
    "@next/swc-linux-x64-gnu": "npm:14.2.3"
    "@next/swc-linux-x64-musl": "npm:14.2.3"
    "@next/swc-win32-arm64-msvc": "npm:14.2.3"
    "@next/swc-win32-ia32-msvc": "npm:14.2.3"
    "@next/swc-win32-x64-msvc": "npm:14.2.3"
    "@swc/helpers": "npm:0.5.5"
    busboy: "npm:1.6.0"
    caniuse-lite: "npm:^1.0.30001579"
    graceful-fs: "npm:^4.2.11"
    postcss: "npm:8.4.31"
    styled-jsx: "npm:5.1.1"
  peerDependencies:
    "@opentelemetry/api": ^1.1.0
    "@playwright/test": ^1.41.2
    react: ^18.2.0
    react-dom: ^18.2.0
    sass: ^1.3.0
  dependenciesMeta:
    "@next/swc-darwin-arm64":
      optional: true
    "@next/swc-darwin-x64":
      optional: true
    "@next/swc-linux-arm64-gnu":
      optional: true
    "@next/swc-linux-arm64-musl":
      optional: true
    "@next/swc-linux-x64-gnu":
      optional: true
    "@next/swc-linux-x64-musl":
      optional: true
    "@next/swc-win32-arm64-msvc":
      optional: true
    "@next/swc-win32-ia32-msvc":
      optional: true
    "@next/swc-win32-x64-msvc":
      optional: true
  peerDependenciesMeta:
    "@opentelemetry/api":
      optional: true
    "@playwright/test":
      optional: true
    sass:
      optional: true
  bin:
    next: dist/bin/next
  checksum: 10c0/2c409154720846d07a7a995cc3bfba24b9ee73c87360ce3266528c8a217f5f1ab6f916cffbe1be83509b4e8d7b1d713921bb5c69338b4ecaa57df3212f79a8c5
  languageName: node
  linkType: hard

"node-emoji@npm:^2.1.3":
  version: 2.1.3
  resolution: "node-emoji@npm:2.1.3"
  dependencies:
    "@sindresorhus/is": "npm:^4.6.0"
    char-regex: "npm:^1.0.2"
    emojilib: "npm:^2.4.0"
    skin-tone: "npm:^2.0.0"
  checksum: 10c0/e688333373563aa8308df16111eee2b5837b53a51fb63bf8b7fbea2896327c5d24c9984eb0c8ca6ac155d4d9c194dcf1840d271033c1b588c7c45a3b65339ef7
  languageName: node
  linkType: hard

"npm-bundled@npm:^2.0.0":
  version: 2.0.1
  resolution: "npm-bundled@npm:2.0.1"
  dependencies:
    npm-normalize-package-bin: "npm:^2.0.0"
  checksum: 10c0/5b2dc1de455d38200e49c6205dee185ce919ea6b608672c693bec8907116bc5686dabcc150347630d351c1c533315fd60a1910ce00bdad6bb204cef016b90b7d
  languageName: node
  linkType: hard

"npm-normalize-package-bin@npm:^2.0.0":
  version: 2.0.0
  resolution: "npm-normalize-package-bin@npm:2.0.0"
  checksum: 10c0/9b5283a2e423124c60fbc14244d36686b59e517d29156eacf9df8d3dc5d5bf4d9444b7669c607567ed2e089bbdbef5a2b3678cbf567284eeff3612da6939514b
  languageName: node
  linkType: hard

"npm-packlist@npm:^5.1.3":
  version: 5.1.3
  resolution: "npm-packlist@npm:5.1.3"
  dependencies:
    glob: "npm:^8.0.1"
    ignore-walk: "npm:^5.0.1"
    npm-bundled: "npm:^2.0.0"
    npm-normalize-package-bin: "npm:^2.0.0"
  bin:
    npm-packlist: bin/index.js
  checksum: 10c0/a8bea97661b2a7132bc8832d5560da24f823ee5324429bd16eb82b7873557de14641bc3fed8a7611b0d88b9771e59e99e01a9e551a53adb164327ded6128aada
  languageName: node
  linkType: hard

"once@npm:^1.3.0":
  version: 1.4.0
  resolution: "once@npm:1.4.0"
  dependencies:
    wrappy: "npm:1"
  checksum: 10c0/5d48aca287dfefabd756621c5dfce5c91a549a93e9fdb7b8246bc4c4790aa2ec17b34a260530474635147aeb631a2dcc8b32c613df0675f96041cbb8244517d0
  languageName: node
  linkType: hard

"pages-router@workspace:e2e/pages-router":
  version: 0.0.0-use.local
  resolution: "pages-router@workspace:e2e/pages-router"
  dependencies:
    "@pangeacyber/nextjs-auth": "workspace:^"
    "@types/node": "npm:^20.12.13"
    "@types/react": "npm:^18.3.3"
    "@types/react-dom": "npm:^18.3.0"
    next: "npm:^14.2.3"
    react: "npm:^18.3.1"
    react-dom: "npm:^18.3.1"
    typescript: "npm:^5.4.5"
  languageName: unknown
  linkType: soft

"path-key@npm:^3.1.0":
  version: 3.1.1
  resolution: "path-key@npm:3.1.1"
  checksum: 10c0/748c43efd5a569c039d7a00a03b58eecd1d75f3999f5a28303d75f521288df4823bc057d8784eb72358b2895a05f29a070bc9f1f17d28226cc4e62494cc58c4c
  languageName: node
  linkType: hard

"path-scurry@npm:^1.11.1":
  version: 1.11.1
  resolution: "path-scurry@npm:1.11.1"
  dependencies:
    lru-cache: "npm:^10.2.0"
    minipass: "npm:^5.0.0 || ^6.0.2 || ^7.0.0"
  checksum: 10c0/32a13711a2a505616ae1cc1b5076801e453e7aae6ac40ab55b388bb91b9d0547a52f5aaceff710ea400205f18691120d4431e520afbe4266b836fadede15872d
  languageName: node
  linkType: hard

"picocolors@npm:^1.0.0, picocolors@npm:^1.0.1":
  version: 1.0.1
  resolution: "picocolors@npm:1.0.1"
  checksum: 10c0/c63cdad2bf812ef0d66c8db29583802355d4ca67b9285d846f390cc15c2f6ccb94e8cb7eb6a6e97fc5990a6d3ad4ae42d86c84d3146e667c739a4234ed50d400
  languageName: node
  linkType: hard

"postcss@npm:8.4.31":
  version: 8.4.31
  resolution: "postcss@npm:8.4.31"
  dependencies:
    nanoid: "npm:^3.3.6"
    picocolors: "npm:^1.0.0"
    source-map-js: "npm:^1.0.2"
  checksum: 10c0/748b82e6e5fc34034dcf2ae88ea3d11fd09f69b6c50ecdd3b4a875cfc7cdca435c958b211e2cb52355422ab6fccb7d8f2f2923161d7a1b281029e4a913d59acf
  languageName: node
  linkType: hard

"proxy-from-env@npm:^1.1.0":
  version: 1.1.0
  resolution: "proxy-from-env@npm:1.1.0"
  checksum: 10c0/fe7dd8b1bdbbbea18d1459107729c3e4a2243ca870d26d34c2c1bcd3e4425b7bcc5112362df2d93cc7fb9746f6142b5e272fd1cc5c86ddf8580175186f6ad42b
  languageName: node
  linkType: hard

"publint@npm:0.2.8":
  version: 0.2.8
  resolution: "publint@npm:0.2.8"
  dependencies:
    npm-packlist: "npm:^5.1.3"
    picocolors: "npm:^1.0.1"
    sade: "npm:^1.8.1"
  bin:
    publint: lib/cli.js
  checksum: 10c0/da4157b3039004d42b8f7df048236bbbf598919d8ddb2c9387b5c4ddaf1564d81e7ab3370ed039f00b784a0c6915d0dbb523fcd1817aa3738f77aac0b955153a
  languageName: node
  linkType: hard

"react-dom@npm:^18.3.1":
  version: 18.3.1
  resolution: "react-dom@npm:18.3.1"
  dependencies:
    loose-envify: "npm:^1.1.0"
    scheduler: "npm:^0.23.2"
  peerDependencies:
    react: ^18.3.1
  checksum: 10c0/a752496c1941f958f2e8ac56239172296fcddce1365ce45222d04a1947e0cc5547df3e8447f855a81d6d39f008d7c32eab43db3712077f09e3f67c4874973e85
  languageName: node
  linkType: hard

"react@npm:^18.3.1":
  version: 18.3.1
  resolution: "react@npm:18.3.1"
  dependencies:
    loose-envify: "npm:^1.1.0"
  checksum: 10c0/283e8c5efcf37802c9d1ce767f302dd569dd97a70d9bb8c7be79a789b9902451e0d16334b05d73299b20f048cbc3c7d288bbbde10b701fa194e2089c237dbea3
  languageName: node
  linkType: hard

"redeyed@npm:~2.1.0":
  version: 2.1.1
  resolution: "redeyed@npm:2.1.1"
  dependencies:
    esprima: "npm:~4.0.0"
  checksum: 10c0/350f5e39aebab3886713a170235c38155ee64a74f0f7e629ecc0144ba33905efea30c2c3befe1fcbf0b0366e344e7bfa34e6b2502b423c9a467d32f1306ef166
  languageName: node
  linkType: hard

"rimraf@npm:5.0.7":
  version: 5.0.7
  resolution: "rimraf@npm:5.0.7"
  dependencies:
    glob: "npm:^10.3.7"
  bin:
    rimraf: dist/esm/bin.mjs
  checksum: 10c0/bd6dbfaa98ae34ce1e54d1e06045d2d63e8859d9a1979bb4a4628b652b459a2d17b17dc20ee072b034bd2d09bd691e801d24c4d9cfe94e16fdbcc8470a1d4807
  languageName: node
  linkType: hard

"sade@npm:^1.8.1":
  version: 1.8.1
  resolution: "sade@npm:1.8.1"
  dependencies:
    mri: "npm:^1.1.0"
  checksum: 10c0/da8a3a5d667ad5ce3bf6d4f054bbb9f711103e5df21003c5a5c1a8a77ce12b640ed4017dd423b13c2307ea7e645adee7c2ae3afe8051b9db16a6f6d3da3f90b1
  languageName: node
  linkType: hard

"scheduler@npm:^0.23.2":
  version: 0.23.2
  resolution: "scheduler@npm:0.23.2"
  dependencies:
    loose-envify: "npm:^1.1.0"
  checksum: 10c0/26383305e249651d4c58e6705d5f8425f153211aef95f15161c151f7b8de885f24751b377e4a0b3dd42cce09aad3f87a61dab7636859c0d89b7daf1a1e2a5c78
  languageName: node
  linkType: hard

"semver@npm:^7.5.4":
  version: 7.6.2
  resolution: "semver@npm:7.6.2"
  bin:
    semver: bin/semver.js
  checksum: 10c0/97d3441e97ace8be4b1976433d1c32658f6afaff09f143e52c593bae7eef33de19e3e369c88bd985ce1042c6f441c80c6803078d1de2a9988080b66684cbb30c
  languageName: node
  linkType: hard

"shebang-command@npm:^2.0.0":
  version: 2.0.0
  resolution: "shebang-command@npm:2.0.0"
  dependencies:
    shebang-regex: "npm:^3.0.0"
  checksum: 10c0/a41692e7d89a553ef21d324a5cceb5f686d1f3c040759c50aab69688634688c5c327f26f3ecf7001ebfd78c01f3c7c0a11a7c8bfd0a8bc9f6240d4f40b224e4e
  languageName: node
  linkType: hard

"shebang-regex@npm:^3.0.0":
  version: 3.0.0
  resolution: "shebang-regex@npm:3.0.0"
  checksum: 10c0/1dbed0726dd0e1152a92696c76c7f06084eb32a90f0528d11acd764043aacf76994b2fb30aa1291a21bd019d6699164d048286309a278855ee7bec06cf6fb690
  languageName: node
  linkType: hard

"signal-exit@npm:^4.0.1":
  version: 4.1.0
  resolution: "signal-exit@npm:4.1.0"
  checksum: 10c0/41602dce540e46d599edba9d9860193398d135f7ff72cab629db5171516cfae628d21e7bfccde1bbfdf11c48726bc2a6d1a8fb8701125852fbfda7cf19c6aa83
  languageName: node
  linkType: hard

"skin-tone@npm:^2.0.0":
  version: 2.0.0
  resolution: "skin-tone@npm:2.0.0"
  dependencies:
    unicode-emoji-modifier-base: "npm:^1.0.0"
  checksum: 10c0/82d4c2527864f9cbd6cb7f3c4abb31e2224752234d5013b881d3e34e9ab543545b05206df5a17d14b515459fcb265ce409f9cfe443903176b0360cd20e4e4ba5
  languageName: node
  linkType: hard

"source-map-js@npm:^1.0.2":
  version: 1.2.0
  resolution: "source-map-js@npm:1.2.0"
  checksum: 10c0/7e5f896ac10a3a50fe2898e5009c58ff0dc102dcb056ed27a354623a0ece8954d4b2649e1a1b2b52ef2e161d26f8859c7710350930751640e71e374fe2d321a4
  languageName: node
  linkType: hard

"streamsearch@npm:^1.1.0":
  version: 1.1.0
  resolution: "streamsearch@npm:1.1.0"
  checksum: 10c0/fbd9aecc2621364384d157f7e59426f4bfd385e8b424b5aaa79c83a6f5a1c8fd2e4e3289e95de1eb3511cb96bb333d6281a9919fafce760e4edb35b2cd2facab
  languageName: node
  linkType: hard

"string-width-cjs@npm:string-width@^4.2.0, string-width@npm:^4.1.0, string-width@npm:^4.2.0":
  version: 4.2.3
  resolution: "string-width@npm:4.2.3"
  dependencies:
    emoji-regex: "npm:^8.0.0"
    is-fullwidth-code-point: "npm:^3.0.0"
    strip-ansi: "npm:^6.0.1"
  checksum: 10c0/1e525e92e5eae0afd7454086eed9c818ee84374bb80328fc41217ae72ff5f065ef1c9d7f72da41de40c75fa8bb3dee63d92373fd492c84260a552c636392a47b
  languageName: node
  linkType: hard

"string-width@npm:^5.0.1, string-width@npm:^5.1.2":
  version: 5.1.2
  resolution: "string-width@npm:5.1.2"
  dependencies:
    eastasianwidth: "npm:^0.2.0"
    emoji-regex: "npm:^9.2.2"
    strip-ansi: "npm:^7.0.1"
  checksum: 10c0/ab9c4264443d35b8b923cbdd513a089a60de339216d3b0ed3be3ba57d6880e1a192b70ae17225f764d7adbf5994e9bb8df253a944736c15a0240eff553c678ca
  languageName: node
  linkType: hard

"strip-ansi-cjs@npm:strip-ansi@^6.0.1, strip-ansi@npm:^6.0.0, strip-ansi@npm:^6.0.1":
  version: 6.0.1
  resolution: "strip-ansi@npm:6.0.1"
  dependencies:
    ansi-regex: "npm:^5.0.1"
  checksum: 10c0/1ae5f212a126fe5b167707f716942490e3933085a5ff6c008ab97ab2f272c8025d3aa218b7bd6ab25729ca20cc81cddb252102f8751e13482a5199e873680952
  languageName: node
  linkType: hard

"strip-ansi@npm:^7.0.1":
  version: 7.1.0
  resolution: "strip-ansi@npm:7.1.0"
  dependencies:
    ansi-regex: "npm:^6.0.1"
  checksum: 10c0/a198c3762e8832505328cbf9e8c8381de14a4fa50a4f9b2160138158ea88c0f5549fb50cb13c651c3088f47e63a108b34622ec18c0499b6c8c3a5ddf6b305ac4
  languageName: node
  linkType: hard

"styled-jsx@npm:5.1.1":
  version: 5.1.1
  resolution: "styled-jsx@npm:5.1.1"
  dependencies:
    client-only: "npm:0.0.1"
  peerDependencies:
    react: ">= 16.8.0 || 17.x.x || ^18.0.0-0"
  peerDependenciesMeta:
    "@babel/core":
      optional: true
    babel-plugin-macros:
      optional: true
  checksum: 10c0/42655cdadfa5388f8a48bb282d6b450df7d7b8cf066ac37038bd0499d3c9f084815ebd9ff9dfa12a218fd4441338851db79603498d7557207009c1cf4d609835
  languageName: node
  linkType: hard

"supports-color@npm:^7.0.0, supports-color@npm:^7.1.0":
  version: 7.2.0
  resolution: "supports-color@npm:7.2.0"
  dependencies:
    has-flag: "npm:^4.0.0"
  checksum: 10c0/afb4c88521b8b136b5f5f95160c98dee7243dc79d5432db7efc27efb219385bbc7d9427398e43dd6cc730a0f87d5085ce1652af7efbe391327bc0a7d0f7fc124
  languageName: node
  linkType: hard

"supports-hyperlinks@npm:^3.0.0":
  version: 3.0.0
  resolution: "supports-hyperlinks@npm:3.0.0"
  dependencies:
    has-flag: "npm:^4.0.0"
    supports-color: "npm:^7.0.0"
  checksum: 10c0/36aaa55e67645dded8e0f846fd81d7dd05ce82ea81e62347f58d86213577eb627b2b45298656ce7a70e7155e39f071d0d3f83be91e112aed801ebaa8db1ef1d0
  languageName: node
  linkType: hard

"ts-expose-internals-conditionally@npm:1.0.0-empty.0":
  version: 1.0.0-empty.0
  resolution: "ts-expose-internals-conditionally@npm:1.0.0-empty.0"
  checksum: 10c0/47c68497ec75b75a903db518b146d3599b71f62382368af4dd70c1fc2de777791620beac4afb4a2eaf7cf08efa68d7389bc5ea007c3c2d07cae2f3d482111db8
  languageName: node
  linkType: hard

"tslib@npm:^2.4.0":
  version: 2.6.2
  resolution: "tslib@npm:2.6.2"
  checksum: 10c0/e03a8a4271152c8b26604ed45535954c0a45296e32445b4b87f8a5abdb2421f40b59b4ca437c4346af0f28179780d604094eb64546bee2019d903d01c6c19bdb
  languageName: node
  linkType: hard

"typescript@npm:5.3.3":
  version: 5.3.3
  resolution: "typescript@npm:5.3.3"
  bin:
    tsc: bin/tsc
    tsserver: bin/tsserver
  checksum: 10c0/e33cef99d82573624fc0f854a2980322714986bc35b9cb4d1ce736ed182aeab78e2cb32b385efa493b2a976ef52c53e20d6c6918312353a91850e2b76f1ea44f
  languageName: node
  linkType: hard

"typescript@npm:5.4.2":
  version: 5.4.2
  resolution: "typescript@npm:5.4.2"
  bin:
    tsc: bin/tsc
    tsserver: bin/tsserver
  checksum: 10c0/583ff68cafb0c076695f72d61df6feee71689568179fb0d3a4834dac343df6b6ed7cf7b6f6c801fa52d43cd1d324e2f2d8ae4497b09f9e6cfe3d80a6d6c9ca52
  languageName: node
  linkType: hard

"typescript@npm:^5.4.5":
  version: 5.4.5
  resolution: "typescript@npm:5.4.5"
  bin:
    tsc: bin/tsc
    tsserver: bin/tsserver
  checksum: 10c0/2954022ada340fd3d6a9e2b8e534f65d57c92d5f3989a263754a78aba549f7e6529acc1921913560a4b816c46dce7df4a4d29f9f11a3dc0d4213bb76d043251e
  languageName: node
  linkType: hard

"typescript@patch:typescript@npm%3A5.3.3#optional!builtin<compat/typescript>":
  version: 5.3.3
  resolution: "typescript@patch:typescript@npm%3A5.3.3#optional!builtin<compat/typescript>::version=5.3.3&hash=e012d7"
  bin:
    tsc: bin/tsc
    tsserver: bin/tsserver
  checksum: 10c0/1d0a5f4ce496c42caa9a30e659c467c5686eae15d54b027ee7866744952547f1be1262f2d40de911618c242b510029d51d43ff605dba8fb740ec85ca2d3f9500
  languageName: node
  linkType: hard

"typescript@patch:typescript@npm%3A5.4.2#optional!builtin<compat/typescript>":
  version: 5.4.2
  resolution: "typescript@patch:typescript@npm%3A5.4.2#optional!builtin<compat/typescript>::version=5.4.2&hash=5adc0c"
  bin:
    tsc: bin/tsc
    tsserver: bin/tsserver
  checksum: 10c0/fcf6658073d07283910d9a0e04b1d5d0ebc822c04dbb7abdd74c3151c7aa92fcddbac7d799404e358197222006ccdc4c0db219d223d2ee4ccd9e2b01333b49be
  languageName: node
  linkType: hard

"typescript@patch:typescript@npm%3A^5.4.5#optional!builtin<compat/typescript>":
  version: 5.4.5
  resolution: "typescript@patch:typescript@npm%3A5.4.5#optional!builtin<compat/typescript>::version=5.4.5&hash=5adc0c"
  bin:
    tsc: bin/tsc
    tsserver: bin/tsserver
  checksum: 10c0/db2ad2a16ca829f50427eeb1da155e7a45e598eec7b086d8b4e8ba44e5a235f758e606d681c66992230d3fc3b8995865e5fd0b22a2c95486d0b3200f83072ec9
  languageName: node
  linkType: hard

"undici-types@npm:~5.26.4":
  version: 5.26.5
  resolution: "undici-types@npm:5.26.5"
  checksum: 10c0/bb673d7876c2d411b6eb6c560e0c571eef4a01c1c19925175d16e3a30c4c428181fb8d7ae802a261f283e4166a0ac435e2f505743aa9e45d893f9a3df017b501
  languageName: node
  linkType: hard

"unicode-emoji-modifier-base@npm:^1.0.0":
  version: 1.0.0
  resolution: "unicode-emoji-modifier-base@npm:1.0.0"
  checksum: 10c0/b37623fcf0162186debd20f116483e035a2d5b905b932a2c472459d9143d446ebcbefb2a494e2fe4fa7434355396e2a95ec3fc1f0c29a3bc8f2c827220e79c66
  languageName: node
  linkType: hard

"validate-npm-package-name@npm:^5.0.0":
  version: 5.0.1
  resolution: "validate-npm-package-name@npm:5.0.1"
  checksum: 10c0/903e738f7387404bb72f7ac34e45d7010c877abd2803dc2d614612527927a40a6d024420033132e667b1bade94544b8a1f65c9431a4eb30d0ce0d80093cd1f74
  languageName: node
  linkType: hard

"which@npm:^2.0.1":
  version: 2.0.2
  resolution: "which@npm:2.0.2"
  dependencies:
    isexe: "npm:^2.0.0"
  bin:
    node-which: ./bin/node-which
  checksum: 10c0/66522872a768b60c2a65a57e8ad184e5372f5b6a9ca6d5f033d4b0dc98aff63995655a7503b9c0a2598936f532120e81dd8cc155e2e92ed662a2b9377cc4374f
  languageName: node
  linkType: hard

"wrap-ansi-cjs@npm:wrap-ansi@^7.0.0":
  version: 7.0.0
  resolution: "wrap-ansi@npm:7.0.0"
  dependencies:
    ansi-styles: "npm:^4.0.0"
    string-width: "npm:^4.1.0"
    strip-ansi: "npm:^6.0.0"
  checksum: 10c0/d15fc12c11e4cbc4044a552129ebc75ee3f57aa9c1958373a4db0292d72282f54373b536103987a4a7594db1ef6a4f10acf92978f79b98c49306a4b58c77d4da
  languageName: node
  linkType: hard

"wrap-ansi@npm:^8.1.0":
  version: 8.1.0
  resolution: "wrap-ansi@npm:8.1.0"
  dependencies:
    ansi-styles: "npm:^6.1.0"
    string-width: "npm:^5.0.1"
    strip-ansi: "npm:^7.0.1"
  checksum: 10c0/138ff58a41d2f877eae87e3282c0630fc2789012fc1af4d6bd626eeb9a2f9a65ca92005e6e69a75c7b85a68479fe7443c7dbe1eb8fbaa681a4491364b7c55c60
  languageName: node
  linkType: hard

"wrappy@npm:1":
  version: 1.0.2
  resolution: "wrappy@npm:1.0.2"
  checksum: 10c0/56fece1a4018c6a6c8e28fbc88c87e0fbf4ea8fd64fc6c63b18f4acc4bd13e0ad2515189786dd2c30d3eec9663d70f4ecf699330002f8ccb547e4a18231fc9f0
  languageName: node
  linkType: hard
