# THIS IS AN AUTOGENERATED FILE. DO NOT EDIT THIS FILE DIRECTLY.
# yarn lockfile v1


"@emnapi/core@^0.45.0":
  version "0.45.0"
  resolved "https://registry.yarnpkg.com/@emnapi/core/-/core-0.45.0.tgz#e58dc1f70ab3af3f6708991ba56d988088daf204"
  integrity sha512-DPWjcUDQkCeEM4VnljEOEcXdAD7pp8zSZsgOujk/LGIwCXWbXJngin+MO4zbH429lzeC3WbYLGjE2MaUOwzpyw==
  dependencies:
    tslib "^2.4.0"

"@emnapi/runtime@^0.45.0":
  version "0.45.0"
  resolved "https://registry.yarnpkg.com/@emnapi/runtime/-/runtime-0.45.0.tgz#e754de04c683263f34fd0c7f32adfe718bbe4ddd"
  integrity sha512-Txumi3td7J4A/xTTwlssKieHKTGl3j4A1tglBx72auZ49YK7ePY6XZricgIg9mnZT4xPfA+UPCUdnhRuEFDL+w==
  dependencies:
    tslib "^2.4.0"

"@napi-rs/wasm-runtime@^0.1.1":
  version "0.1.1"
  resolved "https://registry.yarnpkg.com/@napi-rs/wasm-runtime/-/wasm-runtime-0.1.1.tgz#ec090e2f46bee2ed0c8486dd9d97ddca836ae30e"
  integrity sha512-ATj9ua659JgrkICjJscaeZdmPr44cb/KFjNWuD0N6pux0SpzaM7+iOuuK11mAnQM2N9q0DT4REu6NkL8ZEhopw==
  dependencies:
    "@emnapi/core" "^0.45.0"
    "@emnapi/runtime" "^0.45.0"
    "@tybys/wasm-util" "^0.8.1"

"@node-rs/crc32-android-arm-eabi@1.10.0":
  version "1.10.0"
  resolved "https://registry.yarnpkg.com/@node-rs/crc32-android-arm-eabi/-/crc32-android-arm-eabi-1.10.0.tgz#7beace1e2755bdd444d67233e8448afa8d184192"
  integrity sha512-IRas7ylc8nB3988nnaT4PC5ZuaK3VOrLbTyg1Y/5ZHlxsYpqLpCb7VMf/oRrHxkSzSTlluD+inv3J8UE3i5Ojg==

"@node-rs/crc32-android-arm64@1.10.0":
  version "1.10.0"
  resolved "https://registry.yarnpkg.com/@node-rs/crc32-android-arm64/-/crc32-android-arm64-1.10.0.tgz#8a926ad4ba8609c026b52d9b7dfa97e7591bfaa5"
  integrity sha512-4vX1gB+rf3sYma/LLycmYsuFKolWdZX7tQOwLQ6PDwE7dAoN3mWAgS3RBw2G6PerGD9r90vSXWXPLJnF3OAhlw==

"@node-rs/crc32-darwin-arm64@1.10.0":
  version "1.10.0"
  resolved "https://registry.yarnpkg.com/@node-rs/crc32-darwin-arm64/-/crc32-darwin-arm64-1.10.0.tgz#fba0b3cf8f17c6f5768604d6d84decb44f332396"
  integrity sha512-nAAdxZqxFBxqhI3ZMEGi7QDwg44N4laYO4iGIGhjLvsUDqJlYeIlqZ39Lh2gOK3D2uF/TaT4b0bU5EPHWnKMOQ==

"@node-rs/crc32-darwin-x64@1.10.0":
  version "1.10.0"
  resolved "https://registry.yarnpkg.com/@node-rs/crc32-darwin-x64/-/crc32-darwin-x64-1.10.0.tgz#3301fba789c59e75fcae1563c1bc635b57ee8325"
  integrity sha512-0YhLJFDY7VAKlJ4+SdfZFY+u0X18tkuD3NCtPp1SYh1o9pWpFVBbTKWvdjjx/Ihqw0ozkfc3iewFJU7vlrDQJg==

"@node-rs/crc32-freebsd-x64@1.10.0":
  version "1.10.0"
  resolved "https://registry.yarnpkg.com/@node-rs/crc32-freebsd-x64/-/crc32-freebsd-x64-1.10.0.tgz#f6d5065905a9179e1b3f289ff305e1d02b42bf6b"
  integrity sha512-BE0IeHn59GzaebTM85Dpe+ErPV8E+WuXd/sNyLLS8jZUuNoOJwFUKotm8CUFG+MI40N0U9PzvZjQSwaeMsyMsQ==

"@node-rs/crc32-linux-arm-gnueabihf@1.10.0":
  version "1.10.0"
  resolved "https://registry.yarnpkg.com/@node-rs/crc32-linux-arm-gnueabihf/-/crc32-linux-arm-gnueabihf-1.10.0.tgz#42c12d5aebd398409b28e84623e645002d13aaac"
  integrity sha512-R3mN3uSZaslJtXW3NXdropB9tHCnOgbrvq7MtmCRpHi2Ie3E46Ohi8cW0HgHjihptafTf8NWsoYzErm39BTY0Q==

"@node-rs/crc32-linux-arm64-gnu@1.10.0":
  version "1.10.0"
  resolved "https://registry.yarnpkg.com/@node-rs/crc32-linux-arm64-gnu/-/crc32-linux-arm64-gnu-1.10.0.tgz#4a1849b882737c73541cf7141557ea12269161ee"
  integrity sha512-2zZ2RQLVhjCWRWiLvz/CoP5BFld/zE/uD2Z9Nk+Y5zmJ11CD1RC3lqKG1M3MgEiQq9CnWJxwyy5kM2q4jDeXkg==

"@node-rs/crc32-linux-arm64-musl@1.10.0":
  version "1.10.0"
  resolved "https://registry.yarnpkg.com/@node-rs/crc32-linux-arm64-musl/-/crc32-linux-arm64-musl-1.10.0.tgz#0847466e4bc812abf9de31e509eceec90d29c45f"
  integrity sha512-WEIavGFHMAFe8NIKhbYnM6k2x7y6M/NQewXE8cqeV03Q8mLzCDBr34i/MzpW+M42NvEYgcM8c3Ayn2FijHb64Q==

"@node-rs/crc32-linux-x64-gnu@1.10.0":
  version "1.10.0"
  resolved "https://registry.yarnpkg.com/@node-rs/crc32-linux-x64-gnu/-/crc32-linux-x64-gnu-1.10.0.tgz#02c5bc402d783cce8d922240ebaba58c4ed07052"
  integrity sha512-K/7aY/h8QngsLk0KsalQ3AlZ8ljXRisZgc20RcbB4UZkjl5AN6TeHQlVbx9U2MSBE5f6ViiZEr8c8CcID3W2Mg==

"@node-rs/crc32-linux-x64-musl@1.10.0":
  version "1.10.0"
  resolved "https://registry.yarnpkg.com/@node-rs/crc32-linux-x64-musl/-/crc32-linux-x64-musl-1.10.0.tgz#07d0a1914652a3cf058e7cde5bc85f75a4106bbf"
  integrity sha512-GyCSm+Dp96qUvqrsxKgfd3TFrE8v5sRUYiMgNKK6G1m7nQb/VXvab9UoBSKeFw131odt3LlIuBAuhMnbb4za5w==

"@node-rs/crc32-wasm32-wasi@1.10.0":
  version "1.10.0"
  resolved "https://registry.yarnpkg.com/@node-rs/crc32-wasm32-wasi/-/crc32-wasm32-wasi-1.10.0.tgz#6718e4b3a7f9e207b400abf3968e008ec804808c"
  integrity sha512-C+2IK5HwNUz2aiMGiN0RTijb80X5V1jo/o8bsHqi8ukoRyO6HLMhVn+xptqY+RRSf4VUzzNR5eHqD+WLcLId0g==
  dependencies:
    "@napi-rs/wasm-runtime" "^0.1.1"

"@node-rs/crc32-win32-arm64-msvc@1.10.0":
  version "1.10.0"
  resolved "https://registry.yarnpkg.com/@node-rs/crc32-win32-arm64-msvc/-/crc32-win32-arm64-msvc-1.10.0.tgz#8641440a45511fdc04eac13338c9cf8336092c29"
  integrity sha512-RaVo4edbEM3DyQkvXGKdPizUmr2A4NjLMk/1x9b/tz/k2rdd+QaPAauDwWAzs7SKoDBV9H4qc3hNFuKGjjRhjA==

"@node-rs/crc32-win32-ia32-msvc@1.10.0":
  version "1.10.0"
  resolved "https://registry.yarnpkg.com/@node-rs/crc32-win32-ia32-msvc/-/crc32-win32-ia32-msvc-1.10.0.tgz#236ffc75ced7a29e2b732fe1050cdaa17d3e4cca"
  integrity sha512-5KqJFdzRXELpXcdNgahafjkc9MxZJfKDVkFPBMkQIjjkv8PQ49DVw15/7yuhAN0pyYccNaUil4vtVoo7WTIVgQ==

"@node-rs/crc32-win32-x64-msvc@1.10.0":
  version "1.10.0"
  resolved "https://registry.yarnpkg.com/@node-rs/crc32-win32-x64-msvc/-/crc32-win32-x64-msvc-1.10.0.tgz#9fe9a4f4020a330dc500421d7c8da805bab08fdd"
  integrity sha512-6b99QpwNCQube1xleD+9IcF6foEWHYQYjuZrHAR5diuP/uqM7i+KCgMU9fbCFLs5zmssYHO3CQSZ8G+V0eC59g==

"@node-rs/crc32@^1.7.2":
  version "1.10.0"
  resolved "https://registry.yarnpkg.com/@node-rs/crc32/-/crc32-1.10.0.tgz#31d3562b1bc615bd784e8dc07f690482686bb91f"
  integrity sha512-SFvU8PGZexRMRPUhi+4a9LW4oqFuK5CLEElysrKoRtNkJ+LcRFL+b3wfuzbcDq/ea0rS0nzRLFZwVsNVyWaGew==
  optionalDependencies:
    "@node-rs/crc32-android-arm-eabi" "1.10.0"
    "@node-rs/crc32-android-arm64" "1.10.0"
    "@node-rs/crc32-darwin-arm64" "1.10.0"
    "@node-rs/crc32-darwin-x64" "1.10.0"
    "@node-rs/crc32-freebsd-x64" "1.10.0"
    "@node-rs/crc32-linux-arm-gnueabihf" "1.10.0"
    "@node-rs/crc32-linux-arm64-gnu" "1.10.0"
    "@node-rs/crc32-linux-arm64-musl" "1.10.0"
    "@node-rs/crc32-linux-x64-gnu" "1.10.0"
    "@node-rs/crc32-linux-x64-musl" "1.10.0"
    "@node-rs/crc32-wasm32-wasi" "1.10.0"
    "@node-rs/crc32-win32-arm64-msvc" "1.10.0"
    "@node-rs/crc32-win32-ia32-msvc" "1.10.0"
    "@node-rs/crc32-win32-x64-msvc" "1.10.0"

"@sindresorhus/is@^5.2.0":
  version "5.6.0"
  resolved "https://registry.yarnpkg.com/@sindresorhus/is/-/is-5.6.0.tgz#41dd6093d34652cddb5d5bdeee04eafc33826668"
  integrity sha512-TV7t8GKYaJWsn00tFDqBw8+Uqmr8A0fRU1tvTQhyZzGv0sJCGRQL3JGMI3ucuKo3XIZdUP+Lx7/gh2t3lewy7g==

"@szmarczak/http-timer@^5.0.1":
  version "5.0.1"
  resolved "https://registry.yarnpkg.com/@szmarczak/http-timer/-/http-timer-5.0.1.tgz#c7c1bf1141cdd4751b0399c8fc7b8b664cd5be3a"
  integrity sha512-+PmQX0PiAYPMeVYe237LJAYvOMYW1j2rH5YROyS3b4CTVJum34HfRvKvAzozHAQG0TnHNdUfY9nCeUyRAs//cw==
  dependencies:
    defer-to-connect "^2.0.1"

"@tybys/wasm-util@^0.8.1":
  version "0.8.1"
  resolved "https://registry.yarnpkg.com/@tybys/wasm-util/-/wasm-util-0.8.1.tgz#10360976b7f679497ea8526791006417ff304abb"
  integrity sha512-GSsTwyBl4pIzsxAY5wroZdyQKyhXk0d8PCRZtrSZ2WEB1cBdrp2EgGBwHOGCZtIIPun/DL3+AykCv+J6fyRH4Q==
  dependencies:
    tslib "^2.4.0"

"@types/http-cache-semantics@^4.0.2":
  version "4.0.4"
  resolved "https://registry.yarnpkg.com/@types/http-cache-semantics/-/http-cache-semantics-4.0.4.tgz#b979ebad3919799c979b17c72621c0bc0a31c6c4"
  integrity sha512-1m0bIFVc7eJWyve9S0RnuRgcQqF/Xd5QsUZAZeQFr1Q3/p9JWoQQEqmVy+DPTNpGXwhgIetAoYF8JSc33q29QA==

asynckit@^0.4.0:
  version "0.4.0"
  resolved "https://registry.yarnpkg.com/asynckit/-/asynckit-0.4.0.tgz#c79ed97f7f34cb8f2ba1bc9790bcc366474b4b79"
  integrity sha512-Oei9OH4tRh0YqU3GxhX79dM/mwVgvbZJaSNaRk+bshkj0S5cfHcgYakreBjrHwatXKbz+IoIdYLxrKim2MjW0Q==

cacheable-lookup@^7.0.0:
  version "7.0.0"
  resolved "https://registry.yarnpkg.com/cacheable-lookup/-/cacheable-lookup-7.0.0.tgz#3476a8215d046e5a3202a9209dd13fec1f933a27"
  integrity sha512-+qJyx4xiKra8mZrcwhjMRMUhD5NR1R8esPkzIYxX96JiecFoxAXFuz/GpR3+ev4PE1WamHip78wV0vcmPQtp8w==

cacheable-request@^10.2.8:
  version "10.2.14"
  resolved "https://registry.yarnpkg.com/cacheable-request/-/cacheable-request-10.2.14.tgz#eb915b665fda41b79652782df3f553449c406b9d"
  integrity sha512-zkDT5WAF4hSSoUgyfg5tFIxz8XQK+25W/TLVojJTMKBaxevLBBtLxgqguAuVQB8PVW79FVjHcU+GJ9tVbDZ9mQ==
  dependencies:
    "@types/http-cache-semantics" "^4.0.2"
    get-stream "^6.0.1"
    http-cache-semantics "^4.1.1"
    keyv "^4.5.3"
    mimic-response "^4.0.0"
    normalize-url "^8.0.0"
    responselike "^3.0.0"

combined-stream@^1.0.8:
  version "1.0.8"
  resolved "https://registry.yarnpkg.com/combined-stream/-/combined-stream-1.0.8.tgz#c3d45a8b34fd730631a110a8a2520682b31d5a7f"
  integrity sha512-FQN4MRfuJeHf7cBbBMJFXhKSDq+2kAArBlmRBvcvFE5BB1HZKXtSFASDhdlz9zOYwxh8lDdnvmMOe/+5cdoEdg==
  dependencies:
    delayed-stream "~1.0.0"

crypto-js@^4.2.0:
  version "4.2.0"
  resolved "https://registry.yarnpkg.com/crypto-js/-/crypto-js-4.2.0.tgz#4d931639ecdfd12ff80e8186dba6af2c2e856631"
  integrity sha512-KALDyEYgpY+Rlob/iriUtjV6d5Eq+Y191A5g4UqLAi8CyGP9N1+FdVbkc1SxKc2r4YAYqG8JzO2KGL+AizD70Q==

decompress-response@^6.0.0:
  version "6.0.0"
  resolved "https://registry.yarnpkg.com/decompress-response/-/decompress-response-6.0.0.tgz#ca387612ddb7e104bd16d85aab00d5ecf09c66fc"
  integrity sha512-aW35yZM6Bb/4oJlZncMH2LCoZtJXTRxES17vE3hoRiowU2kWHaJKFkSBDnDR+cm9J+9QhXmREyIfv0pji9ejCQ==
  dependencies:
    mimic-response "^3.1.0"

defer-to-connect@^2.0.1:
  version "2.0.1"
  resolved "https://registry.yarnpkg.com/defer-to-connect/-/defer-to-connect-2.0.1.tgz#8016bdb4143e4632b77a3449c6236277de520587"
  integrity sha512-4tvttepXG1VaYGrRibk5EwJd1t4udunSOVMdLSAL6mId1ix438oPwPZMALY41FCijukO1L0twNcGsdzS7dHgDg==

delayed-stream@~1.0.0:
  version "1.0.0"
  resolved "https://registry.yarnpkg.com/delayed-stream/-/delayed-stream-1.0.0.tgz#df3ae199acadfb7d440aaae0b29e2272b24ec619"
  integrity sha512-ZySD7Nf91aLB0RxL4KGrKHBXl7Eds1DAmEdcoVawXnLD7SDhpNgtuII2aAkg7a7QS41jxPSZ17p4VdGnMHk3MQ==

form-data-encoder@^2.1.2:
  version "2.1.4"
  resolved "https://registry.yarnpkg.com/form-data-encoder/-/form-data-encoder-2.1.4.tgz#261ea35d2a70d48d30ec7a9603130fa5515e9cd5"
  integrity sha512-yDYSgNMraqvnxiEXO4hi88+YZxaHC6QKzb5N84iRCTDeRO7ZALpir/lVmf/uXUhnwUr2O4HU8s/n6x+yNjQkHw==

form-data@^4.0.0:
  version "4.0.0"
  resolved "https://registry.yarnpkg.com/form-data/-/form-data-4.0.0.tgz#93919daeaf361ee529584b9b31664dc12c9fa452"
  integrity sha512-ETEklSGi5t0QMZuiXoA/Q6vcnxcLQP5vdugSpuAyi6SVGi2clPPp+xgEhuMaHC+zGgn31Kd235W35f7Hykkaww==
  dependencies:
    asynckit "^0.4.0"
    combined-stream "^1.0.8"
    mime-types "^2.1.12"

get-stream@^6.0.1:
  version "6.0.1"
  resolved "https://registry.yarnpkg.com/get-stream/-/get-stream-6.0.1.tgz#a262d8eef67aced57c2852ad6167526a43cbf7b7"
  integrity sha512-ts6Wi+2j3jQjqi70w5AlN8DFnkSwC+MqmxEzdEALB2qXZYV3X/b1CTfgPLGJNMeAWxdPfU8FO1ms3NUfaHCPYg==

got@^13.0.0:
  version "13.0.0"
  resolved "https://registry.yarnpkg.com/got/-/got-13.0.0.tgz#a2402862cef27a5d0d1b07c0fb25d12b58175422"
  integrity sha512-XfBk1CxOOScDcMr9O1yKkNaQyy865NbYs+F7dr4H0LZMVgCj2Le59k6PqbNHoL5ToeaEQUYh6c6yMfVcc6SJxA==
  dependencies:
    "@sindresorhus/is" "^5.2.0"
    "@szmarczak/http-timer" "^5.0.1"
    cacheable-lookup "^7.0.0"
    cacheable-request "^10.2.8"
    decompress-response "^6.0.0"
    form-data-encoder "^2.1.2"
    get-stream "^6.0.1"
    http2-wrapper "^2.1.10"
    lowercase-keys "^3.0.0"
    p-cancelable "^3.0.0"
    responselike "^3.0.0"

http-cache-semantics@^4.1.1:
  version "4.1.1"
  resolved "https://registry.yarnpkg.com/http-cache-semantics/-/http-cache-semantics-4.1.1.tgz#abe02fcb2985460bf0323be664436ec3476a6d5a"
  integrity sha512-er295DKPVsV82j5kw1Gjt+ADA/XYHsajl82cGNQG2eyoPkvgUhX+nDIyelzhIWbbsXP39EHcI6l5tYs2FYqYXQ==

http2-wrapper@^2.1.10:
  version "2.2.1"
  resolved "https://registry.yarnpkg.com/http2-wrapper/-/http2-wrapper-2.2.1.tgz#310968153dcdedb160d8b72114363ef5fce1f64a"
  integrity sha512-V5nVw1PAOgfI3Lmeaj2Exmeg7fenjhRUgz1lPSezy1CuhPYbgQtbQj4jZfEAEMlaL+vupsvhjqCyjzob0yxsmQ==
  dependencies:
    quick-lru "^5.1.1"
    resolve-alpn "^1.2.0"

js-sha3@^0.8.0:
  version "0.8.0"
  resolved "https://registry.yarnpkg.com/js-sha3/-/js-sha3-0.8.0.tgz#b9b7a5da73afad7dedd0f8c463954cbde6818840"
  integrity sha512-gF1cRrHhIzNfToc802P800N8PpXS+evLLXfsVpowqmAFR9uwbi89WvXg2QspOmXL8QL86J4T1EpFu+yUkwJY3Q==

json-buffer@3.0.1:
  version "3.0.1"
  resolved "https://registry.yarnpkg.com/json-buffer/-/json-buffer-3.0.1.tgz#9338802a30d3b6605fbe0613e094008ca8c05a13"
  integrity sha512-4bV5BfR2mqfQTJm+V5tPPdf+ZpuhiIvTuAB5g8kcrXOZpTT/QwwVRWBywX1ozr6lEuPdbHxwaJlm9G6mI2sfSQ==

keyv@^4.5.3:
  version "4.5.4"
  resolved "https://registry.yarnpkg.com/keyv/-/keyv-4.5.4.tgz#a879a99e29452f942439f2a405e3af8b31d4de93"
  integrity sha512-oxVHkHR/EJf2CNXnWxRLW6mg7JyCCUcG0DtEGmL2ctUo1PNTin1PUil+r/+4r5MpVgC/fn1kjsx7mjSujKqIpw==
  dependencies:
    json-buffer "3.0.1"

lowercase-keys@^3.0.0:
  version "3.0.0"
  resolved "https://registry.yarnpkg.com/lowercase-keys/-/lowercase-keys-3.0.0.tgz#c5e7d442e37ead247ae9db117a9d0a467c89d4f2"
  integrity sha512-ozCC6gdQ+glXOQsveKD0YsDy8DSQFjDTz4zyzEHNV5+JP5D62LmfDZ6o1cycFx9ouG940M5dE8C8CTewdj2YWQ==

merkle-tools@^1.4.1:
  version "1.4.1"
  resolved "https://registry.yarnpkg.com/merkle-tools/-/merkle-tools-1.4.1.tgz#d08799886a6d51f5ee2bf0195f967b3cc3afd62c"
  integrity sha512-QhO1/eDvAnyn0oXgRWlydVWYVMrVJwrdNICYvQXYhBU1Bjj1LoxsQxdAKJ5ttN3L6pkKhjcK6O4k927kgTMdqw==
  dependencies:
    js-sha3 "^0.8.0"

mime-db@1.52.0:
  version "1.52.0"
  resolved "https://registry.yarnpkg.com/mime-db/-/mime-db-1.52.0.tgz#bbabcdc02859f4987301c856e3387ce5ec43bf70"
  integrity sha512-sPU4uV7dYlvtWJxwwxHD0PuihVNiE7TyAbQ5SWxDCB9mUYvOgroQOwYQQOKPJ8CIbE+1ETVlOoK1UC2nU3gYvg==

mime-types@^2.1.12:
  version "2.1.35"
  resolved "https://registry.yarnpkg.com/mime-types/-/mime-types-2.1.35.tgz#381a871b62a734450660ae3deee44813f70d959a"
  integrity sha512-ZDY+bPm5zTTF+YpCrAU9nK0UgICYPT0QtT1NZWFv4s++TNkcgVaT0g6+4R2uI4MjQjzysHB1zxuWL50hzaeXiw==
  dependencies:
    mime-db "1.52.0"

mimic-response@^3.1.0:
  version "3.1.0"
  resolved "https://registry.yarnpkg.com/mimic-response/-/mimic-response-3.1.0.tgz#2d1d59af9c1b129815accc2c46a022a5ce1fa3c9"
  integrity sha512-z0yWI+4FDrrweS8Zmt4Ej5HdJmky15+L2e6Wgn3+iK5fWzb6T3fhNFq2+MeTRb064c6Wr4N/wv0DzQTjNzHNGQ==

mimic-response@^4.0.0:
  version "4.0.0"
  resolved "https://registry.yarnpkg.com/mimic-response/-/mimic-response-4.0.0.tgz#35468b19e7c75d10f5165ea25e75a5ceea7cf70f"
  integrity sha512-e5ISH9xMYU0DzrT+jl8q2ze9D6eWBto+I8CNpe+VI+K2J/F/k3PdkdTdz4wvGVH4NTpo+NRYTVIuMQEMMcsLqg==

normalize-url@^8.0.0:
  version "8.0.0"
  resolved "https://registry.yarnpkg.com/normalize-url/-/normalize-url-8.0.0.tgz#593dbd284f743e8dcf6a5ddf8fadff149c82701a"
  integrity sha512-uVFpKhj5MheNBJRTiMZ9pE/7hD1QTeEvugSJW/OmLzAp78PB5O6adfMNTvmfKhXBkvCzC+rqifWcVYpGFwTjnw==

p-cancelable@^3.0.0:
  version "3.0.0"
  resolved "https://registry.yarnpkg.com/p-cancelable/-/p-cancelable-3.0.0.tgz#63826694b54d61ca1c20ebcb6d3ecf5e14cd8050"
  integrity sha512-mlVgR3PGuzlo0MmTdk4cXqXWlwQDLnONTAg6sm62XkMJEiRxN3GL3SffkYvqwonbkJBcrI7Uvv5Zh9yjvn2iUw==

"pangea-node-sdk@file:../../packages/pangea-node-sdk/pangea-node-sdk-3.5.0.tgz":
  version "3.5.0"
  resolved "file:../../packages/pangea-node-sdk/pangea-node-sdk-3.5.0.tgz#5c15df1deb8a29cd05733c30eb6b6dfa7aba959e"
  dependencies:
    "@node-rs/crc32" "^1.7.2"
    crypto-js "^4.2.0"
    form-data "^4.0.0"
    got "^13.0.0"
    merkle-tools "^1.4.1"

quick-lru@^5.1.1:
  version "5.1.1"
  resolved "https://registry.yarnpkg.com/quick-lru/-/quick-lru-5.1.1.tgz#366493e6b3e42a3a6885e2e99d18f80fb7a8c932"
  integrity sha512-WuyALRjWPDGtt/wzJiadO5AXY+8hZ80hVpe6MyivgraREW751X3SbhRvG3eLKOYN+8VEvqLcf3wdnt44Z4S4SA==

resolve-alpn@^1.2.0:
  version "1.2.1"
  resolved "https://registry.yarnpkg.com/resolve-alpn/-/resolve-alpn-1.2.1.tgz#b7adbdac3546aaaec20b45e7d8265927072726f9"
  integrity sha512-0a1F4l73/ZFZOakJnQ3FvkJ2+gSTQWz/r2KE5OdDY0TxPm5h4GkqkWWfM47T7HsbnOtcJVEF4epCVy6u7Q3K+g==

responselike@^3.0.0:
  version "3.0.0"
  resolved "https://registry.yarnpkg.com/responselike/-/responselike-3.0.0.tgz#20decb6c298aff0dbee1c355ca95461d42823626"
  integrity sha512-40yHxbNcl2+rzXvZuVkrYohathsSJlMTXKryG5y8uciHv1+xDLHQpgjG64JUO9nrEq2jGLH6IZ8BcZyw3wrweg==
  dependencies:
    lowercase-keys "^3.0.0"

tslib@^2.4.0:
  version "2.6.2"
  resolved "https://registry.yarnpkg.com/tslib/-/tslib-2.6.2.tgz#703ac29425e7b37cd6fd456e92404d46d1f3e4ae"
  integrity sha512-AEYxH93jGFPn/a2iVAwW87VuUIkR1FVUKB77NwMF7nBTDkDrrT/Hpt/IrCJ0QXhW27jTBDcf5ZY7w6RiqTMw2Q==
