# THIS IS AN AUTOGENERATED FILE. DO NOT EDIT THIS FILE DIRECTLY.
# yarn lockfile v1


"@emnapi/core@^0.45.0":
  version "0.45.0"
  resolved "https://registry.yarnpkg.com/@emnapi/core/-/core-0.45.0.tgz#e58dc1f70ab3af3f6708991ba56d988088daf204"
  integrity sha512-DPWjcUDQkCeEM4VnljEOEcXdAD7pp8zSZsgOujk/LGIwCXWbXJngin+MO4zbH429lzeC3WbYLGjE2MaUOwzpyw==
  dependencies:
    tslib "^2.4.0"

"@emnapi/runtime@^0.45.0":
  version "0.45.0"
  resolved "https://registry.yarnpkg.com/@emnapi/runtime/-/runtime-0.45.0.tgz#e754de04c683263f34fd0c7f32adfe718bbe4ddd"
  integrity sha512-Txumi3td7J4A/xTTwlssKieHKTGl3j4A1tglBx72auZ49YK7ePY6XZricgIg9mnZT4xPfA+UPCUdnhRuEFDL+w==
  dependencies:
    tslib "^2.4.0"

"@napi-rs/wasm-runtime@^0.1.1":
  version "0.1.1"
  resolved "https://registry.yarnpkg.com/@napi-rs/wasm-runtime/-/wasm-runtime-0.1.1.tgz#ec090e2f46bee2ed0c8486dd9d97ddca836ae30e"
  integrity sha512-ATj9ua659JgrkICjJscaeZdmPr44cb/KFjNWuD0N6pux0SpzaM7+iOuuK11mAnQM2N9q0DT4REu6NkL8ZEhopw==
  dependencies:
    "@emnapi/core" "^0.45.0"
    "@emnapi/runtime" "^0.45.0"
    "@tybys/wasm-util" "^0.8.1"

"@node-rs/crc32-android-arm-eabi@1.9.2":
  version "1.9.2"
  resolved "https://registry.yarnpkg.com/@node-rs/crc32-android-arm-eabi/-/crc32-android-arm-eabi-1.9.2.tgz#582b0df80041d093d1384619220fa5bdbf7bd119"
  integrity sha512-rX6AWO1KwJzih5y4JvbJ2Giq2YtA9oyU6xdCa0BEOeF658eNr+CeoNduXcteXNbGIj/Tf7tg5qK8tzZGSu9zWg==

"@node-rs/crc32-android-arm64@1.9.2":
  version "1.9.2"
  resolved "https://registry.yarnpkg.com/@node-rs/crc32-android-arm64/-/crc32-android-arm64-1.9.2.tgz#fd61d793064a7546bf1a8538d6501abffa8922a0"
  integrity sha512-Yp9VJg4HIzdWx9dECQxSrib2+TlPNXgROfo8JrK3MFH/d9dXYNV7W7gl0dAuAOXfJie6Sy3tTGf0ntPWgxs+7g==

"@node-rs/crc32-darwin-arm64@1.9.2":
  version "1.9.2"
  resolved "https://registry.yarnpkg.com/@node-rs/crc32-darwin-arm64/-/crc32-darwin-arm64-1.9.2.tgz#c6f8170838b9a8abaed63afbe4146d2e528364a6"
  integrity sha512-tIuVhe3K9GHlw1WGzukCQTDQSkkWcasgrKHGRvZf5HXwPq6fnLiyJL4cxfchfW3YRWdGDH+5XTZhvYf/0wLQjg==

"@node-rs/crc32-darwin-x64@1.9.2":
  version "1.9.2"
  resolved "https://registry.yarnpkg.com/@node-rs/crc32-darwin-x64/-/crc32-darwin-x64-1.9.2.tgz#3e4a78b819a18d8568b21afdd70a17baf2c522f9"
  integrity sha512-Lbx0cCNB8fOnuu0LxZQ5Zj+mwD9iLiCnvdX3DR386No8J5/FIHqAYMft1e6CZuM+HE22+k8DqTm0V4dAFU1ZqA==

"@node-rs/crc32-freebsd-x64@1.9.2":
  version "1.9.2"
  resolved "https://registry.yarnpkg.com/@node-rs/crc32-freebsd-x64/-/crc32-freebsd-x64-1.9.2.tgz#b7a303cc78fdb16308dcfe74e3fc65d14bcd49c7"
  integrity sha512-9x3XxwflCgx0vy6n8nZEOKQDEQbcWuzXfmHU9xUWymB7njHko8+Dwl+yfxplDtqyeST6l4obsWut6wGbkgJKHw==

"@node-rs/crc32-linux-arm-gnueabihf@1.9.2":
  version "1.9.2"
  resolved "https://registry.yarnpkg.com/@node-rs/crc32-linux-arm-gnueabihf/-/crc32-linux-arm-gnueabihf-1.9.2.tgz#b7242dc7a90e101879beca9b7dbbbaa6e6a5dcdc"
  integrity sha512-prptitmm8XqbRCazFegtIDMy0ixTIpAHwzJwwRzeveCzd1efTR454TvXjs3pUWnWDM3jKtt5uEVUYnUMvC7dBg==

"@node-rs/crc32-linux-arm64-gnu@1.9.2":
  version "1.9.2"
  resolved "https://registry.yarnpkg.com/@node-rs/crc32-linux-arm64-gnu/-/crc32-linux-arm64-gnu-1.9.2.tgz#78bcca360268516aba658ce40376831ead0637e0"
  integrity sha512-N9BKb+0IaobXIzBWNkQYtMbWxxwviJtCgOBs0P6DzhRu2Wu8YwYBasnRzCxBrV6MVKpaX4hG1WTdgpZKwMCrbg==

"@node-rs/crc32-linux-arm64-musl@1.9.2":
  version "1.9.2"
  resolved "https://registry.yarnpkg.com/@node-rs/crc32-linux-arm64-musl/-/crc32-linux-arm64-musl-1.9.2.tgz#295af9f772e9b5bebd0c622f5299d422ba6b3526"
  integrity sha512-/sAQ0TH2Q/HhfTBtEUYr/9fqT/EpXO4HiHyzaXa2TPTAOFbCUw6+oHBe5xTSyQ+2tNQ+eWS3BpxlLhNX2Kojxg==

"@node-rs/crc32-linux-x64-gnu@1.9.2":
  version "1.9.2"
  resolved "https://registry.yarnpkg.com/@node-rs/crc32-linux-x64-gnu/-/crc32-linux-x64-gnu-1.9.2.tgz#995f624d0775982b2a0d6f4d30d3c584d5ce9a74"
  integrity sha512-p5qKkIzIvYgF/Nwd2Yqc6L/WqU7pL1jg2ny6ce0eScOwJVofr7kMzkc/n70TWjplM1luqycp1uKEFYQb05Jv3Q==

"@node-rs/crc32-linux-x64-musl@1.9.2":
  version "1.9.2"
  resolved "https://registry.yarnpkg.com/@node-rs/crc32-linux-x64-musl/-/crc32-linux-x64-musl-1.9.2.tgz#300ed84eea20c7664bfab7711883578b926d6f5e"
  integrity sha512-e5ZrbV366C/U/6jcpi3HiypgMQsvEuVhdBQscNQe/dOH6gURsomquDtJ86kUSpDOS99F/uj7ERaPzonFNdQnXA==

"@node-rs/crc32-wasm32-wasi@1.9.2":
  version "1.9.2"
  resolved "https://registry.yarnpkg.com/@node-rs/crc32-wasm32-wasi/-/crc32-wasm32-wasi-1.9.2.tgz#34abd7d1a37dbe0396921c037fbc753a8fc49fbc"
  integrity sha512-GXxw+uIZOyouKN5nU79VRcPwCwqZ3fsR0OzB9LzDl6N+tlfR9Ys7I0XudlOCcGhx7NZjMPe94bBwh5aAHDWxXg==
  dependencies:
    "@napi-rs/wasm-runtime" "^0.1.1"

"@node-rs/crc32-win32-arm64-msvc@1.9.2":
  version "1.9.2"
  resolved "https://registry.yarnpkg.com/@node-rs/crc32-win32-arm64-msvc/-/crc32-win32-arm64-msvc-1.9.2.tgz#a4f343450fb091f8cb9272f7410e4e2ea8797c52"
  integrity sha512-Z3/GkeVCvk4hZU53qujPCEUX7jg09Lj3InoMZpX88W2fb5Yw+NE0aQ1GFz9wHAqTlGql02/idN7ncfwIlb5iMw==

"@node-rs/crc32-win32-ia32-msvc@1.9.2":
  version "1.9.2"
  resolved "https://registry.yarnpkg.com/@node-rs/crc32-win32-ia32-msvc/-/crc32-win32-ia32-msvc-1.9.2.tgz#f7934befaf261924d2dd199552ba3dcd94eb9c80"
  integrity sha512-rf8qjKxhHfblf1VlZirNFYFlSaAWiCxo6ZBp4//8+gDwn5e5gtUeJ3yKR+MV0iEdLpnooBwY3vFNDGJp91eC4A==

"@node-rs/crc32-win32-x64-msvc@1.9.2":
  version "1.9.2"
  resolved "https://registry.yarnpkg.com/@node-rs/crc32-win32-x64-msvc/-/crc32-win32-x64-msvc-1.9.2.tgz#5d462e6c1f3bdff81dac0cff995919761d9970f0"
  integrity sha512-z5tnkkNaEcxwDRVZTjs9SZO9f6HsDttVhIhisECBm5DQIx8fWc2cRBTGIU0Kdg4I+89B1r3QzMbYzyq7ugui2g==

"@node-rs/crc32@^1.7.2":
  version "1.9.2"
  resolved "https://registry.yarnpkg.com/@node-rs/crc32/-/crc32-1.9.2.tgz#b5efb07b1083cbe1e40217b4af901a14d85533f1"
  integrity sha512-fVXjW3YQ+mGJTDRcNIdTXLAAIviV7USeXgN4hh6V2p3S+y6f/gmD+vlbYYVdNmf/1K5LaTHpMWsiByrUnvzp0g==
  optionalDependencies:
    "@node-rs/crc32-android-arm-eabi" "1.9.2"
    "@node-rs/crc32-android-arm64" "1.9.2"
    "@node-rs/crc32-darwin-arm64" "1.9.2"
    "@node-rs/crc32-darwin-x64" "1.9.2"
    "@node-rs/crc32-freebsd-x64" "1.9.2"
    "@node-rs/crc32-linux-arm-gnueabihf" "1.9.2"
    "@node-rs/crc32-linux-arm64-gnu" "1.9.2"
    "@node-rs/crc32-linux-arm64-musl" "1.9.2"
    "@node-rs/crc32-linux-x64-gnu" "1.9.2"
    "@node-rs/crc32-linux-x64-musl" "1.9.2"
    "@node-rs/crc32-wasm32-wasi" "1.9.2"
    "@node-rs/crc32-win32-arm64-msvc" "1.9.2"
    "@node-rs/crc32-win32-ia32-msvc" "1.9.2"
    "@node-rs/crc32-win32-x64-msvc" "1.9.2"

"@sindresorhus/is@^5.2.0":
  version "5.6.0"
  resolved "https://registry.yarnpkg.com/@sindresorhus/is/-/is-5.6.0.tgz#41dd6093d34652cddb5d5bdeee04eafc33826668"
  integrity sha512-TV7t8GKYaJWsn00tFDqBw8+Uqmr8A0fRU1tvTQhyZzGv0sJCGRQL3JGMI3ucuKo3XIZdUP+Lx7/gh2t3lewy7g==

"@szmarczak/http-timer@^5.0.1":
  version "5.0.1"
  resolved "https://registry.yarnpkg.com/@szmarczak/http-timer/-/http-timer-5.0.1.tgz#c7c1bf1141cdd4751b0399c8fc7b8b664cd5be3a"
  integrity sha512-+PmQX0PiAYPMeVYe237LJAYvOMYW1j2rH5YROyS3b4CTVJum34HfRvKvAzozHAQG0TnHNdUfY9nCeUyRAs//cw==
  dependencies:
    defer-to-connect "^2.0.1"

"@tybys/wasm-util@^0.8.1":
  version "0.8.1"
  resolved "https://registry.yarnpkg.com/@tybys/wasm-util/-/wasm-util-0.8.1.tgz#10360976b7f679497ea8526791006417ff304abb"
  integrity sha512-GSsTwyBl4pIzsxAY5wroZdyQKyhXk0d8PCRZtrSZ2WEB1cBdrp2EgGBwHOGCZtIIPun/DL3+AykCv+J6fyRH4Q==
  dependencies:
    tslib "^2.4.0"

"@types/http-cache-semantics@^4.0.2":
  version "4.0.4"
  resolved "https://registry.yarnpkg.com/@types/http-cache-semantics/-/http-cache-semantics-4.0.4.tgz#b979ebad3919799c979b17c72621c0bc0a31c6c4"
  integrity sha512-1m0bIFVc7eJWyve9S0RnuRgcQqF/Xd5QsUZAZeQFr1Q3/p9JWoQQEqmVy+DPTNpGXwhgIetAoYF8JSc33q29QA==

asynckit@^0.4.0:
  version "0.4.0"
  resolved "https://registry.yarnpkg.com/asynckit/-/asynckit-0.4.0.tgz#c79ed97f7f34cb8f2ba1bc9790bcc366474b4b79"
  integrity sha512-Oei9OH4tRh0YqU3GxhX79dM/mwVgvbZJaSNaRk+bshkj0S5cfHcgYakreBjrHwatXKbz+IoIdYLxrKim2MjW0Q==

cacheable-lookup@^7.0.0:
  version "7.0.0"
  resolved "https://registry.yarnpkg.com/cacheable-lookup/-/cacheable-lookup-7.0.0.tgz#3476a8215d046e5a3202a9209dd13fec1f933a27"
  integrity sha512-+qJyx4xiKra8mZrcwhjMRMUhD5NR1R8esPkzIYxX96JiecFoxAXFuz/GpR3+ev4PE1WamHip78wV0vcmPQtp8w==

cacheable-request@^10.2.8:
  version "10.2.14"
  resolved "https://registry.yarnpkg.com/cacheable-request/-/cacheable-request-10.2.14.tgz#eb915b665fda41b79652782df3f553449c406b9d"
  integrity sha512-zkDT5WAF4hSSoUgyfg5tFIxz8XQK+25W/TLVojJTMKBaxevLBBtLxgqguAuVQB8PVW79FVjHcU+GJ9tVbDZ9mQ==
  dependencies:
    "@types/http-cache-semantics" "^4.0.2"
    get-stream "^6.0.1"
    http-cache-semantics "^4.1.1"
    keyv "^4.5.3"
    mimic-response "^4.0.0"
    normalize-url "^8.0.0"
    responselike "^3.0.0"

combined-stream@^1.0.8:
  version "1.0.8"
  resolved "https://registry.yarnpkg.com/combined-stream/-/combined-stream-1.0.8.tgz#c3d45a8b34fd730631a110a8a2520682b31d5a7f"
  integrity sha512-FQN4MRfuJeHf7cBbBMJFXhKSDq+2kAArBlmRBvcvFE5BB1HZKXtSFASDhdlz9zOYwxh8lDdnvmMOe/+5cdoEdg==
  dependencies:
    delayed-stream "~1.0.0"

crypto-js@^4.2.0:
  version "4.2.0"
  resolved "https://registry.yarnpkg.com/crypto-js/-/crypto-js-4.2.0.tgz#4d931639ecdfd12ff80e8186dba6af2c2e856631"
  integrity sha512-KALDyEYgpY+Rlob/iriUtjV6d5Eq+Y191A5g4UqLAi8CyGP9N1+FdVbkc1SxKc2r4YAYqG8JzO2KGL+AizD70Q==

decompress-response@^6.0.0:
  version "6.0.0"
  resolved "https://registry.yarnpkg.com/decompress-response/-/decompress-response-6.0.0.tgz#ca387612ddb7e104bd16d85aab00d5ecf09c66fc"
  integrity sha512-aW35yZM6Bb/4oJlZncMH2LCoZtJXTRxES17vE3hoRiowU2kWHaJKFkSBDnDR+cm9J+9QhXmREyIfv0pji9ejCQ==
  dependencies:
    mimic-response "^3.1.0"

defer-to-connect@^2.0.1:
  version "2.0.1"
  resolved "https://registry.yarnpkg.com/defer-to-connect/-/defer-to-connect-2.0.1.tgz#8016bdb4143e4632b77a3449c6236277de520587"
  integrity sha512-4tvttepXG1VaYGrRibk5EwJd1t4udunSOVMdLSAL6mId1ix438oPwPZMALY41FCijukO1L0twNcGsdzS7dHgDg==

delayed-stream@~1.0.0:
  version "1.0.0"
  resolved "https://registry.yarnpkg.com/delayed-stream/-/delayed-stream-1.0.0.tgz#df3ae199acadfb7d440aaae0b29e2272b24ec619"
  integrity sha512-ZySD7Nf91aLB0RxL4KGrKHBXl7Eds1DAmEdcoVawXnLD7SDhpNgtuII2aAkg7a7QS41jxPSZ17p4VdGnMHk3MQ==

form-data-encoder@^2.1.2:
  version "2.1.4"
  resolved "https://registry.yarnpkg.com/form-data-encoder/-/form-data-encoder-2.1.4.tgz#261ea35d2a70d48d30ec7a9603130fa5515e9cd5"
  integrity sha512-yDYSgNMraqvnxiEXO4hi88+YZxaHC6QKzb5N84iRCTDeRO7ZALpir/lVmf/uXUhnwUr2O4HU8s/n6x+yNjQkHw==

form-data@^4.0.0:
  version "4.0.0"
  resolved "https://registry.yarnpkg.com/form-data/-/form-data-4.0.0.tgz#93919daeaf361ee529584b9b31664dc12c9fa452"
  integrity sha512-ETEklSGi5t0QMZuiXoA/Q6vcnxcLQP5vdugSpuAyi6SVGi2clPPp+xgEhuMaHC+zGgn31Kd235W35f7Hykkaww==
  dependencies:
    asynckit "^0.4.0"
    combined-stream "^1.0.8"
    mime-types "^2.1.12"

get-stream@^6.0.1:
  version "6.0.1"
  resolved "https://registry.yarnpkg.com/get-stream/-/get-stream-6.0.1.tgz#a262d8eef67aced57c2852ad6167526a43cbf7b7"
  integrity sha512-ts6Wi+2j3jQjqi70w5AlN8DFnkSwC+MqmxEzdEALB2qXZYV3X/b1CTfgPLGJNMeAWxdPfU8FO1ms3NUfaHCPYg==

got@^13.0.0:
  version "13.0.0"
  resolved "https://registry.yarnpkg.com/got/-/got-13.0.0.tgz#a2402862cef27a5d0d1b07c0fb25d12b58175422"
  integrity sha512-XfBk1CxOOScDcMr9O1yKkNaQyy865NbYs+F7dr4H0LZMVgCj2Le59k6PqbNHoL5ToeaEQUYh6c6yMfVcc6SJxA==
  dependencies:
    "@sindresorhus/is" "^5.2.0"
    "@szmarczak/http-timer" "^5.0.1"
    cacheable-lookup "^7.0.0"
    cacheable-request "^10.2.8"
    decompress-response "^6.0.0"
    form-data-encoder "^2.1.2"
    get-stream "^6.0.1"
    http2-wrapper "^2.1.10"
    lowercase-keys "^3.0.0"
    p-cancelable "^3.0.0"
    responselike "^3.0.0"

http-cache-semantics@^4.1.1:
  version "4.1.1"
  resolved "https://registry.yarnpkg.com/http-cache-semantics/-/http-cache-semantics-4.1.1.tgz#abe02fcb2985460bf0323be664436ec3476a6d5a"
  integrity sha512-er295DKPVsV82j5kw1Gjt+ADA/XYHsajl82cGNQG2eyoPkvgUhX+nDIyelzhIWbbsXP39EHcI6l5tYs2FYqYXQ==

http2-wrapper@^2.1.10:
  version "2.2.1"
  resolved "https://registry.yarnpkg.com/http2-wrapper/-/http2-wrapper-2.2.1.tgz#310968153dcdedb160d8b72114363ef5fce1f64a"
  integrity sha512-V5nVw1PAOgfI3Lmeaj2Exmeg7fenjhRUgz1lPSezy1CuhPYbgQtbQj4jZfEAEMlaL+vupsvhjqCyjzob0yxsmQ==
  dependencies:
    quick-lru "^5.1.1"
    resolve-alpn "^1.2.0"

js-sha3@^0.8.0:
  version "0.8.0"
  resolved "https://registry.yarnpkg.com/js-sha3/-/js-sha3-0.8.0.tgz#b9b7a5da73afad7dedd0f8c463954cbde6818840"
  integrity sha512-gF1cRrHhIzNfToc802P800N8PpXS+evLLXfsVpowqmAFR9uwbi89WvXg2QspOmXL8QL86J4T1EpFu+yUkwJY3Q==

json-buffer@3.0.1:
  version "3.0.1"
  resolved "https://registry.yarnpkg.com/json-buffer/-/json-buffer-3.0.1.tgz#9338802a30d3b6605fbe0613e094008ca8c05a13"
  integrity sha512-4bV5BfR2mqfQTJm+V5tPPdf+ZpuhiIvTuAB5g8kcrXOZpTT/QwwVRWBywX1ozr6lEuPdbHxwaJlm9G6mI2sfSQ==

keyv@^4.5.3:
  version "4.5.4"
  resolved "https://registry.yarnpkg.com/keyv/-/keyv-4.5.4.tgz#a879a99e29452f942439f2a405e3af8b31d4de93"
  integrity sha512-oxVHkHR/EJf2CNXnWxRLW6mg7JyCCUcG0DtEGmL2ctUo1PNTin1PUil+r/+4r5MpVgC/fn1kjsx7mjSujKqIpw==
  dependencies:
    json-buffer "3.0.1"

lowercase-keys@^3.0.0:
  version "3.0.0"
  resolved "https://registry.yarnpkg.com/lowercase-keys/-/lowercase-keys-3.0.0.tgz#c5e7d442e37ead247ae9db117a9d0a467c89d4f2"
  integrity sha512-ozCC6gdQ+glXOQsveKD0YsDy8DSQFjDTz4zyzEHNV5+JP5D62LmfDZ6o1cycFx9ouG940M5dE8C8CTewdj2YWQ==

merkle-tools@^1.4.1:
  version "1.4.1"
  resolved "https://registry.yarnpkg.com/merkle-tools/-/merkle-tools-1.4.1.tgz#d08799886a6d51f5ee2bf0195f967b3cc3afd62c"
  integrity sha512-QhO1/eDvAnyn0oXgRWlydVWYVMrVJwrdNICYvQXYhBU1Bjj1LoxsQxdAKJ5ttN3L6pkKhjcK6O4k927kgTMdqw==
  dependencies:
    js-sha3 "^0.8.0"

mime-db@1.52.0:
  version "1.52.0"
  resolved "https://registry.yarnpkg.com/mime-db/-/mime-db-1.52.0.tgz#bbabcdc02859f4987301c856e3387ce5ec43bf70"
  integrity sha512-sPU4uV7dYlvtWJxwwxHD0PuihVNiE7TyAbQ5SWxDCB9mUYvOgroQOwYQQOKPJ8CIbE+1ETVlOoK1UC2nU3gYvg==

mime-types@^2.1.12:
  version "2.1.35"
  resolved "https://registry.yarnpkg.com/mime-types/-/mime-types-2.1.35.tgz#381a871b62a734450660ae3deee44813f70d959a"
  integrity sha512-ZDY+bPm5zTTF+YpCrAU9nK0UgICYPT0QtT1NZWFv4s++TNkcgVaT0g6+4R2uI4MjQjzysHB1zxuWL50hzaeXiw==
  dependencies:
    mime-db "1.52.0"

mimic-response@^3.1.0:
  version "3.1.0"
  resolved "https://registry.yarnpkg.com/mimic-response/-/mimic-response-3.1.0.tgz#2d1d59af9c1b129815accc2c46a022a5ce1fa3c9"
  integrity sha512-z0yWI+4FDrrweS8Zmt4Ej5HdJmky15+L2e6Wgn3+iK5fWzb6T3fhNFq2+MeTRb064c6Wr4N/wv0DzQTjNzHNGQ==

mimic-response@^4.0.0:
  version "4.0.0"
  resolved "https://registry.yarnpkg.com/mimic-response/-/mimic-response-4.0.0.tgz#35468b19e7c75d10f5165ea25e75a5ceea7cf70f"
  integrity sha512-e5ISH9xMYU0DzrT+jl8q2ze9D6eWBto+I8CNpe+VI+K2J/F/k3PdkdTdz4wvGVH4NTpo+NRYTVIuMQEMMcsLqg==

normalize-url@^8.0.0:
  version "8.0.0"
  resolved "https://registry.yarnpkg.com/normalize-url/-/normalize-url-8.0.0.tgz#593dbd284f743e8dcf6a5ddf8fadff149c82701a"
  integrity sha512-uVFpKhj5MheNBJRTiMZ9pE/7hD1QTeEvugSJW/OmLzAp78PB5O6adfMNTvmfKhXBkvCzC+rqifWcVYpGFwTjnw==

p-cancelable@^3.0.0:
  version "3.0.0"
  resolved "https://registry.yarnpkg.com/p-cancelable/-/p-cancelable-3.0.0.tgz#63826694b54d61ca1c20ebcb6d3ecf5e14cd8050"
  integrity sha512-mlVgR3PGuzlo0MmTdk4cXqXWlwQDLnONTAg6sm62XkMJEiRxN3GL3SffkYvqwonbkJBcrI7Uvv5Zh9yjvn2iUw==

pangea-node-sdk@3.5.0:
  version "3.5.0"
  resolved "https://registry.yarnpkg.com/pangea-node-sdk/-/pangea-node-sdk-3.5.0.tgz#f636a091eb652eb148dee03572ae8c76b3385d0c"
  integrity sha512-hpPAJmp+6HYy66f5ZdYLbFIDpt6/tCEhxtMvyYg+p7npq5r5dgo20p5unEZbQGvZEXea91pOnlceeLxGXLhMJw==
  dependencies:
    "@node-rs/crc32" "^1.7.2"
    crypto-js "^4.2.0"
    form-data "^4.0.0"
    got "^13.0.0"
    merkle-tools "^1.4.1"

quick-lru@^5.1.1:
  version "5.1.1"
  resolved "https://registry.yarnpkg.com/quick-lru/-/quick-lru-5.1.1.tgz#366493e6b3e42a3a6885e2e99d18f80fb7a8c932"
  integrity sha512-WuyALRjWPDGtt/wzJiadO5AXY+8hZ80hVpe6MyivgraREW751X3SbhRvG3eLKOYN+8VEvqLcf3wdnt44Z4S4SA==

resolve-alpn@^1.2.0:
  version "1.2.1"
  resolved "https://registry.yarnpkg.com/resolve-alpn/-/resolve-alpn-1.2.1.tgz#b7adbdac3546aaaec20b45e7d8265927072726f9"
  integrity sha512-0a1F4l73/ZFZOakJnQ3FvkJ2+gSTQWz/r2KE5OdDY0TxPm5h4GkqkWWfM47T7HsbnOtcJVEF4epCVy6u7Q3K+g==

responselike@^3.0.0:
  version "3.0.0"
  resolved "https://registry.yarnpkg.com/responselike/-/responselike-3.0.0.tgz#20decb6c298aff0dbee1c355ca95461d42823626"
  integrity sha512-40yHxbNcl2+rzXvZuVkrYohathsSJlMTXKryG5y8uciHv1+xDLHQpgjG64JUO9nrEq2jGLH6IZ8BcZyw3wrweg==
  dependencies:
    lowercase-keys "^3.0.0"

tslib@^2.4.0:
  version "2.6.2"
  resolved "https://registry.yarnpkg.com/tslib/-/tslib-2.6.2.tgz#703ac29425e7b37cd6fd456e92404d46d1f3e4ae"
  integrity sha512-AEYxH93jGFPn/a2iVAwW87VuUIkR1FVUKB77NwMF7nBTDkDrrT/Hpt/IrCJ0QXhW27jTBDcf5ZY7w6RiqTMw2Q==
